{
  "version": 4,
  "terraform_version": "1.9.1",
  "serial": 24,
  "lineage": "0e186d1f-1aec-21de-85f6-669b1b61ef63",
  "outputs": {
    "artifact_registry": {
      "value": {
        "location": "europe-west1",
        "repository": "webapp-images",
        "url": "europe-west1-docker.pkg.dev/u2i-tenant-webapp/webapp-images"
      },
      "type": [
        "object",
        {
          "location": "string",
          "repository": "string",
          "url": "string"
        }
      ]
    },
    "cloud_deploy_pipeline": {
      "value": {
        "location": "europe-west1",
        "name": "webapp-delivery-pipeline",
        "targets": {
          "nonprod": "nonprod-gke",
          "prod": "prod-gke"
        }
      },
      "type": [
        "object",
        {
          "location": "string",
          "name": "string",
          "targets": [
            "object",
            {
              "nonprod": "string",
              "prod": "string"
            }
          ]
        }
      ]
    },
    "cluster_access": {
      "value": {
        "nonprod": "gcloud container clusters get-credentials nonprod-autopilot --location=europe-west1 --project=u2i-gke-nonprod",
        "prod": "gcloud container clusters get-credentials prod-autopilot --location=europe-west1 --project=u2i-gke-prod"
      },
      "type": [
        "object",
        {
          "nonprod": "string",
          "prod": "string"
        }
      ]
    },
    "deployment_commands": {
      "value": {
        "build_image": "docker build -t europe-west1-docker.pkg.dev/u2i-tenant-webapp/webapp-images/webapp:latest .",
        "deploy": "gcloud deploy releases create release-$(date +%Y%m%d-%H%M%S) --project=u2i-tenant-webapp --region=europe-west1 --delivery-pipeline=webapp-delivery-pipeline --images=webapp=europe-west1-docker.pkg.dev/u2i-tenant-webapp/webapp-images/webapp:latest",
        "push_image": "docker push europe-west1-docker.pkg.dev/u2i-tenant-webapp/webapp-images/webapp:latest"
      },
      "type": [
        "object",
        {
          "build_image": "string",
          "deploy": "string",
          "push_image": "string"
        }
      ]
    },
    "github_actions_config": {
      "value": {
        "project_id": "u2i-tenant-webapp",
        "service_account": "terraform@u2i-tenant-webapp.iam.gserviceaccount.com",
        "workload_identity_provider": "projects/310843575960/locations/global/workloadIdentityPools/webapp-github-pool/providers/github"
      },
      "type": [
        "object",
        {
          "project_id": "string",
          "service_account": "string",
          "workload_identity_provider": "string"
        }
      ]
    },
    "namespaces": {
      "value": {
        "nonprod": "webapp-team",
        "prod": "webapp-team"
      },
      "type": [
        "object",
        {
          "nonprod": "string",
          "prod": "string"
        }
      ]
    },
    "next_steps": {
      "value": [
        "1. Update GitHub repository variables with values from github_actions_config output",
        "2. Create Kubernetes manifests with skaffold.yaml and clouddeploy.yaml",
        "3. Build and push container image to Artifact Registry",
        "4. Create Cloud Deploy release",
        "5. Monitor deployment through Cloud Deploy console",
        "6. Approve production deployment when ready"
      ],
      "type": [
        "tuple",
        [
          "string",
          "string",
          "string",
          "string",
          "string",
          "string"
        ]
      ]
    },
    "state_migration_instructions": {
      "value": {
        "current_backend": {
          "bucket": "u2i-tfstate",
          "prefix": "tenant-webapp-team"
        },
        "migration_steps": [
          "1. Run: terraform init",
          "2. Run: terraform state pull \u003e webapp-team.tfstate",
          "3. Update backend config in main.tf to use new bucket",
          "4. Run: terraform init -migrate-state",
          "5. Confirm the migration when prompted",
          "6. Verify state in new bucket: gsutil ls gs://u2i-tenant-webapp-tfstate/terraform/state/"
        ],
        "new_backend": {
          "bucket": "u2i-tenant-webapp-tfstate",
          "prefix": "terraform/state"
        }
      },
      "type": [
        "object",
        {
          "current_backend": [
            "object",
            {
              "bucket": "string",
              "prefix": "string"
            }
          ],
          "migration_steps": [
            "tuple",
            [
              "string",
              "string",
              "string",
              "string",
              "string",
              "string"
            ]
          ],
          "new_backend": [
            "object",
            {
              "bucket": "string",
              "prefix": "string"
            }
          ]
        }
      ]
    },
    "tenant_project": {
      "value": {
        "number": "310843575960",
        "project_id": "u2i-tenant-webapp"
      },
      "type": [
        "object",
        {
          "number": "string",
          "project_id": "string"
        }
      ]
    }
  },
  "resources": [
    {
      "mode": "data",
      "type": "google_container_cluster",
      "name": "nonprod",
      "provider": "provider[\"registry.terraform.io/hashicorp/google\"]",
      "instances": [
        {
          "schema_version": 0,
          "attributes": {
            "addons_config": [
              {
                "cloudrun_config": [],
                "config_connector_config": [],
                "dns_cache_config": [
                  {
                    "enabled": true
                  }
                ],
                "gce_persistent_disk_csi_driver_config": [
                  {
                    "enabled": true
                  }
                ],
                "gcp_filestore_csi_driver_config": [
                  {
                    "enabled": true
                  }
                ],
                "gcs_fuse_csi_driver_config": [
                  {
                    "enabled": true
                  }
                ],
                "gke_backup_agent_config": [],
                "horizontal_pod_autoscaling": [],
                "http_load_balancing": [],
                "network_policy_config": [
                  {
                    "disabled": true
                  }
                ],
                "parallelstore_csi_driver_config": [
                  {
                    "enabled": true
                  }
                ],
                "ray_operator_config": [],
                "stateful_ha_config": [
                  {
                    "enabled": true
                  }
                ]
              }
            ],
            "allow_net_admin": null,
            "authenticator_groups_config": [],
            "binary_authorization": [
              {
                "enabled": false,
                "evaluation_mode": ""
              }
            ],
            "cluster_autoscaling": [
              {
                "auto_provisioning_defaults": [
                  {
                    "boot_disk_kms_key": "",
                    "disk_size": 0,
                    "disk_type": "",
                    "image_type": "COS_CONTAINERD",
                    "management": [
                      {
                        "auto_repair": true,
                        "auto_upgrade": true,
                        "upgrade_options": []
                      }
                    ],
                    "min_cpu_platform": "",
                    "oauth_scopes": [
                      "https://www.googleapis.com/auth/devstorage.read_only",
                      "https://www.googleapis.com/auth/logging.write",
                      "https://www.googleapis.com/auth/monitoring",
                      "https://www.googleapis.com/auth/service.management.readonly",
                      "https://www.googleapis.com/auth/servicecontrol",
                      "https://www.googleapis.com/auth/trace.append"
                    ],
                    "service_account": "default",
                    "shielded_instance_config": [],
                    "upgrade_settings": [
                      {
                        "blue_green_settings": [],
                        "max_surge": 1,
                        "max_unavailable": 0,
                        "strategy": "SURGE"
                      }
                    ]
                  }
                ],
                "auto_provisioning_locations": [],
                "autoscaling_profile": "OPTIMIZE_UTILIZATION",
                "enabled": true,
                "resource_limits": [
                  {
                    "maximum": 1000000000,
                    "minimum": 0,
                    "resource_type": "cpu"
                  },
                  {
                    "maximum": 1000000000,
                    "minimum": 0,
                    "resource_type": "memory"
                  },
                  {
                    "maximum": 1000000000,
                    "minimum": 0,
                    "resource_type": "nvidia-tesla-t4"
                  },
                  {
                    "maximum": 1000000000,
                    "minimum": 0,
                    "resource_type": "nvidia-tesla-a100"
                  }
                ]
              }
            ],
            "cluster_ipv4_cidr": "10.24.0.0/16",
            "confidential_nodes": [],
            "control_plane_endpoints_config": [
              {
                "dns_endpoint_config": [
                  {
                    "allow_external_traffic": false,
                    "endpoint": "gke-9700d2e7234f479d9a33496c0b2280be4ac3-245301026000.europe-west1.gke.goog"
                  }
                ],
                "ip_endpoints_config": [
                  {
                    "enabled": true
                  }
                ]
              }
            ],
            "cost_management_config": [],
            "database_encryption": [
              {
                "key_name": "",
                "state": "DECRYPTED"
              }
            ],
            "datapath_provider": "ADVANCED_DATAPATH",
            "default_max_pods_per_node": 110,
            "default_snat_status": [
              {
                "disabled": false
              }
            ],
            "deletion_protection": null,
            "description": "",
            "disable_l4_lb_firewall_reconciliation": false,
            "dns_config": [
              {
                "additive_vpc_scope_dns_domain": "",
                "cluster_dns": "CLOUD_DNS",
                "cluster_dns_domain": "cluster.local",
                "cluster_dns_scope": "CLUSTER_SCOPE"
              }
            ],
            "effective_labels": {
              "compliance_framework": "iso27001-soc2-gdpr",
              "data_residency": "eu",
              "environment": "non-production",
              "gdpr_compliant": "true",
              "goog-terraform-provisioned": "true",
              "region": "belgium"
            },
            "enable_autopilot": true,
            "enable_cilium_clusterwide_network_policy": false,
            "enable_fqdn_network_policy": false,
            "enable_intranode_visibility": true,
            "enable_k8s_beta_apis": [],
            "enable_kubernetes_alpha": false,
            "enable_l4_ilb_subsetting": false,
            "enable_legacy_abac": false,
            "enable_multi_networking": false,
            "enable_shielded_nodes": true,
            "enable_tpu": false,
            "endpoint": "35.240.7.141",
            "enterprise_config": [
              {
                "cluster_tier": "STANDARD",
                "desired_tier": ""
              }
            ],
            "fleet": [],
            "gateway_api_config": [
              {
                "channel": "CHANNEL_STANDARD"
              }
            ],
            "id": "projects/u2i-gke-nonprod/locations/europe-west1/clusters/nonprod-autopilot",
            "identity_service_config": [],
            "in_transit_encryption_config": "",
            "initial_node_count": 0,
            "ip_allocation_policy": [
              {
                "additional_pod_ranges_config": [],
                "cluster_ipv4_cidr_block": "10.24.0.0/16",
                "cluster_secondary_range_name": "nonprod-pods",
                "pod_cidr_overprovision_config": [
                  {
                    "disabled": false
                  }
                ],
                "services_ipv4_cidr_block": "10.25.0.0/16",
                "services_secondary_range_name": "nonprod-services",
                "stack_type": "IPV4"
              }
            ],
            "label_fingerprint": "6de9611a",
            "location": "europe-west1",
            "logging_config": [
              {
                "enable_components": [
                  "SYSTEM_COMPONENTS",
                  "WORKLOADS"
                ]
              }
            ],
            "logging_service": "logging.googleapis.com/kubernetes",
            "maintenance_policy": [],
            "master_auth": [
              {
                "client_certificate": "",
                "client_certificate_config": [
                  {
                    "issue_client_certificate": false
                  }
                ],
                "client_key": "",
                "cluster_ca_certificate": "LS0tLS1CRUdJTiBDRVJUSUZJQ0FURS0tLS0tCk1JSUVMRENDQXBTZ0F3SUJBZ0lRSU5uZVVjRHRYTm9TYU5KRDg5dC9iakFOQmdrcWhraUc5dzBCQVFzRkFEQXYKTVMwd0t3WURWUVFERXlSak5HVmlaREJtT1MweU1UVXlMVFJrWXpFdFlUUXlOUzB4T0RFek1UUXdObVZsWWpNdwpJQmNOTWpVd05qRTJNVFUwT0RFd1doZ1BNakExTlRBMk1Ea3hOalE0TVRCYU1DOHhMVEFyQmdOVkJBTVRKR00wClpXSmtNR1k1TFRJeE5USXROR1JqTVMxaE5ESTFMVEU0TVRNeE5EQTJaV1ZpTXpDQ0FhSXdEUVlKS29aSWh2Y04KQVFFQkJRQURnZ0dQQURDQ0FZb0NnZ0dCQUs5SndhOWtYaEpWeU8yUiswQjQ5d0l6anJXRnZibHczMTBWbUlrTQp4YTZHTmViMTdqSVpnTEgyNkVRVFVldmtrbHo5andzcDVUM0FFOFVROXVBMDltSUU4anc3OFQwbVptRXE5cUorCkIwdjR0SVNPTVZRbi84YlJENkJIZERBRHo4SjdmcUF2VVJ6YytTYjNLYW0yVjR4Ky9hYkJCQVFQdWhtQ29mU1UKV28zVGJpNEZCYzVRMDJPbythdkdMSzh2N3ZKYnZhSWJtcWJvRzRuM1dFY3Z0U3FOUWIvUmc5YWNCWXVjdjNGaApmVld0ekkwaDlPTVRseU9remE4RTRsL0FpV1JyRUZWaUc5OVBwR0dMeWEwblBvdXpKejdMSGJxbFRWdUh6WHBzCjBqVFQvbS9wczc2bFU3bnNtaXR6YXhWLzhUc3BjTGlLV05FdjgyMUhMQmVGcXQ1QlV1Q0ZHSUhsc3l1T2dGSlgKREpQaWVsb0R2TjhoeE5HcVkrU2ZTK2F4UjVMS0ZCcU5zbGZQMkd6WHBoMHdIUVlEQTNHVnNmeEZFa254M2tWbApmekphTEowWCtuSGpUM1JZZ2dFZzRJNFVBam1nd2VHTzNNUjFqYUZhVUFQN29qWllTK3BDNFYvTnVBZmpOZnpxCmZOQVdNQ3VIb3pFNTYxZktWV2E0cnFEZmtRSURBUUFCbzBJd1FEQU9CZ05WSFE4QkFmOEVCQU1DQWdRd0R3WUQKVlIwVEFRSC9CQVV3QXdFQi96QWRCZ05WSFE0RUZnUVU1SU5NL1JySG15dlhUR1FRZUdzS0xXVXlwTGd3RFFZSgpLb1pJaHZjTkFRRUxCUUFEZ2dHQkFJVnp0dHZDSFpIY0FLTENubzlydW5Eb1BvMXMzQ3FsRmtlbE1GbUNzNFAwClZLZjdMejJidVkvWHpZL3dSazk0VTFNU0xNbGhmRzd2VHJWdUpqYUZIWXBGeVFwcEg2YU52SGtzMkZSM1QvK1IKTUNQUmpOU3pYSTFpQm5pZCtWQTJIdDhrdEhYSEZ1N1NiNndqYXpPbWxzNWdibkNVV0RKdlEzOGpBenduZjZ0QwpRaEt4alN6NG9qQTQvQXJDVnVEOGVHc0UySjI3V0FWRTlZSFdrN0tDUm9YQjlOV1YzOFJld0NzWEVxYUtGTUpyCmxCdGZ0QjdyRFYwWVdkcFdYWlRJMmVPaDU3TTRpWklqNDlaVkMra3lPK0dNdWF2ajRKOUNScHN2WE5sTVZrUmUKQlU1WHh2K091enU1Z0gzSnlpUVR2amI2YjBqWDNORTJlMUsvMGpXOFlZNk92eUlnVHdQallWR1V4V1pSWUVZTgpkVGd6UzlGTVhHRi9wNmpqZ2dGaHhBRXdJckcwbU9yZ2hWSHE1WW9jV3dGQ2ZpYWR1SC85U05OMXQ5WEJWVHFOCjQrQVZVazc2dEhkN21menBCbEZiQkhlNFE0QVQ5U2w5Vm02ZC81K1BDZW5UQXZTODltSFNhTTFBMGRVUGlucXMKUlQzMStadHRkNlc4b1czczZ4bGppZz09Ci0tLS0tRU5EIENFUlRJRklDQVRFLS0tLS0K"
              }
            ],
            "master_authorized_networks_config": [],
            "master_version": "1.32.4-gke.1353003",
            "mesh_certificates": [],
            "min_master_version": null,
            "monitoring_config": [
              {
                "advanced_datapath_observability_config": [
                  {
                    "enable_metrics": true,
                    "enable_relay": false
                  }
                ],
                "enable_components": [
                  "SYSTEM_COMPONENTS",
                  "JOBSET",
                  "STORAGE",
                  "HPA",
                  "POD",
                  "DAEMONSET",
                  "DEPLOYMENT",
                  "STATEFULSET",
                  "CADVISOR",
                  "KUBELET",
                  "DCGM"
                ],
                "managed_prometheus": [
                  {
                    "auto_monitoring_config": [],
                    "enabled": true
                  }
                ]
              }
            ],
            "monitoring_service": "monitoring.googleapis.com/kubernetes",
            "name": "nonprod-autopilot",
            "network": "projects/u2i-gke-network/global/networks/gke-shared-vpc",
            "network_performance_config": [],
            "network_policy": [
              {
                "enabled": false,
                "provider": "PROVIDER_UNSPECIFIED"
              }
            ],
            "networking_mode": "VPC_NATIVE",
            "node_config": [
              {
                "advanced_machine_features": [],
                "boot_disk_kms_key": "",
                "confidential_nodes": [],
                "containerd_config": [],
                "disk_size_gb": 100,
                "disk_type": "pd-balanced",
                "effective_taints": [
                  {
                    "effect": "NO_SCHEDULE",
                    "key": "cloud.google.com/gke-quick-remove",
                    "value": "true"
                  }
                ],
                "enable_confidential_storage": false,
                "ephemeral_storage_local_ssd_config": [],
                "fast_socket": [],
                "flex_start": false,
                "gcfs_config": [],
                "guest_accelerator": [],
                "gvnic": [
                  {
                    "enabled": true
                  }
                ],
                "host_maintenance_policy": [],
                "image_type": "COS_CONTAINERD",
                "kubelet_config": [
                  {
                    "allowed_unsafe_sysctls": [],
                    "container_log_max_files": 0,
                    "container_log_max_size": "",
                    "cpu_cfs_quota": false,
                    "cpu_cfs_quota_period": "",
                    "cpu_manager_policy": "",
                    "image_gc_high_threshold_percent": 0,
                    "image_gc_low_threshold_percent": 0,
                    "image_maximum_gc_age": "",
                    "image_minimum_gc_age": "",
                    "insecure_kubelet_readonly_port_enabled": "FALSE",
                    "pod_pids_limit": 0
                  }
                ],
                "labels": {},
                "linux_node_config": [],
                "local_nvme_ssd_block_config": [],
                "local_ssd_count": 0,
                "local_ssd_encryption_mode": "",
                "logging_variant": "DEFAULT",
                "machine_type": "e2-small",
                "max_run_duration": "",
                "metadata": {
                  "disable-legacy-endpoints": "true"
                },
                "min_cpu_platform": "",
                "node_group": "",
                "oauth_scopes": [
                  "https://www.googleapis.com/auth/devstorage.read_only",
                  "https://www.googleapis.com/auth/logging.write",
                  "https://www.googleapis.com/auth/monitoring",
                  "https://www.googleapis.com/auth/service.management.readonly",
                  "https://www.googleapis.com/auth/servicecontrol",
                  "https://www.googleapis.com/auth/trace.append"
                ],
                "preemptible": false,
                "reservation_affinity": [
                  {
                    "consume_reservation_type": "NO_RESERVATION",
                    "key": "",
                    "values": []
                  }
                ],
                "resource_labels": {
                  "goog-gke-node-pool-provisioning-model": "on-demand"
                },
                "resource_manager_tags": {},
                "secondary_boot_disks": [],
                "service_account": "default",
                "shielded_instance_config": [
                  {
                    "enable_integrity_monitoring": true,
                    "enable_secure_boot": true
                  }
                ],
                "sole_tenant_config": [],
                "spot": false,
                "storage_pools": [],
                "tags": [],
                "taint": [],
                "windows_node_config": [
                  {
                    "osversion": ""
                  }
                ],
                "workload_metadata_config": [
                  {
                    "mode": "GKE_METADATA"
                  }
                ]
              }
            ],
            "node_locations": [
              "europe-west1-b",
              "europe-west1-c",
              "europe-west1-d"
            ],
            "node_pool": [
              {
                "autoscaling": [
                  {
                    "location_policy": "BALANCED",
                    "max_node_count": 1000,
                    "min_node_count": 0,
                    "total_max_node_count": 0,
                    "total_min_node_count": 0
                  }
                ],
                "initial_node_count": 1,
                "instance_group_urls": [],
                "managed_instance_group_urls": [],
                "management": [
                  {
                    "auto_repair": true,
                    "auto_upgrade": true
                  }
                ],
                "max_pods_per_node": 32,
                "name": "default-pool",
                "name_prefix": "",
                "network_config": [
                  {
                    "additional_node_network_configs": [],
                    "additional_pod_network_configs": [],
                    "create_pod_range": false,
                    "enable_private_nodes": true,
                    "network_performance_config": [],
                    "pod_cidr_overprovision_config": [],
                    "pod_ipv4_cidr_block": "10.24.0.0/16",
                    "pod_range": "nonprod-pods"
                  }
                ],
                "node_config": [
                  {
                    "advanced_machine_features": [],
                    "boot_disk_kms_key": "",
                    "confidential_nodes": [],
                    "containerd_config": [],
                    "disk_size_gb": 100,
                    "disk_type": "pd-balanced",
                    "effective_taints": [
                      {
                        "effect": "NO_SCHEDULE",
                        "key": "cloud.google.com/gke-quick-remove",
                        "value": "true"
                      }
                    ],
                    "enable_confidential_storage": false,
                    "ephemeral_storage_local_ssd_config": [],
                    "fast_socket": [],
                    "flex_start": false,
                    "gcfs_config": [],
                    "guest_accelerator": [],
                    "gvnic": [
                      {
                        "enabled": true
                      }
                    ],
                    "host_maintenance_policy": [],
                    "image_type": "COS_CONTAINERD",
                    "kubelet_config": [
                      {
                        "allowed_unsafe_sysctls": [],
                        "container_log_max_files": 0,
                        "container_log_max_size": "",
                        "cpu_cfs_quota": false,
                        "cpu_cfs_quota_period": "",
                        "cpu_manager_policy": "",
                        "image_gc_high_threshold_percent": 0,
                        "image_gc_low_threshold_percent": 0,
                        "image_maximum_gc_age": "",
                        "image_minimum_gc_age": "",
                        "insecure_kubelet_readonly_port_enabled": "FALSE",
                        "pod_pids_limit": 0
                      }
                    ],
                    "labels": {},
                    "linux_node_config": [],
                    "local_nvme_ssd_block_config": [],
                    "local_ssd_count": 0,
                    "local_ssd_encryption_mode": "",
                    "logging_variant": "DEFAULT",
                    "machine_type": "e2-small",
                    "max_run_duration": "",
                    "metadata": {
                      "disable-legacy-endpoints": "true"
                    },
                    "min_cpu_platform": "",
                    "node_group": "",
                    "oauth_scopes": [
                      "https://www.googleapis.com/auth/devstorage.read_only",
                      "https://www.googleapis.com/auth/logging.write",
                      "https://www.googleapis.com/auth/monitoring",
                      "https://www.googleapis.com/auth/service.management.readonly",
                      "https://www.googleapis.com/auth/servicecontrol",
                      "https://www.googleapis.com/auth/trace.append"
                    ],
                    "preemptible": false,
                    "reservation_affinity": [
                      {
                        "consume_reservation_type": "NO_RESERVATION",
                        "key": "",
                        "values": []
                      }
                    ],
                    "resource_labels": {
                      "goog-gke-node-pool-provisioning-model": "on-demand"
                    },
                    "resource_manager_tags": {},
                    "secondary_boot_disks": [],
                    "service_account": "default",
                    "shielded_instance_config": [
                      {
                        "enable_integrity_monitoring": true,
                        "enable_secure_boot": true
                      }
                    ],
                    "sole_tenant_config": [],
                    "spot": false,
                    "storage_pools": [],
                    "tags": [],
                    "taint": [],
                    "windows_node_config": [
                      {
                        "osversion": ""
                      }
                    ],
                    "workload_metadata_config": [
                      {
                        "mode": "GKE_METADATA"
                      }
                    ]
                  }
                ],
                "node_count": 0,
                "node_locations": [
                  "europe-west1-c"
                ],
                "placement_policy": [],
                "queued_provisioning": [],
                "upgrade_settings": [
                  {
                    "blue_green_settings": [],
                    "max_surge": 1,
                    "max_unavailable": 0,
                    "strategy": "SURGE"
                  }
                ],
                "version": "1.32.4-gke.1353003"
              },
              {
                "autoscaling": [
                  {
                    "location_policy": "BALANCED",
                    "max_node_count": 1000,
                    "min_node_count": 0,
                    "total_max_node_count": 0,
                    "total_min_node_count": 0
                  }
                ],
                "initial_node_count": 0,
                "instance_group_urls": [],
                "managed_instance_group_urls": [],
                "management": [
                  {
                    "auto_repair": true,
                    "auto_upgrade": true
                  }
                ],
                "max_pods_per_node": 32,
                "name": "pool-1",
                "name_prefix": "",
                "network_config": [
                  {
                    "additional_node_network_configs": [],
                    "additional_pod_network_configs": [],
                    "create_pod_range": false,
                    "enable_private_nodes": true,
                    "network_performance_config": [],
                    "pod_cidr_overprovision_config": [],
                    "pod_ipv4_cidr_block": "10.24.0.0/16",
                    "pod_range": "nonprod-pods"
                  }
                ],
                "node_config": [
                  {
                    "advanced_machine_features": [],
                    "boot_disk_kms_key": "",
                    "confidential_nodes": [],
                    "containerd_config": [],
                    "disk_size_gb": 100,
                    "disk_type": "pd-balanced",
                    "effective_taints": [],
                    "enable_confidential_storage": false,
                    "ephemeral_storage_local_ssd_config": [],
                    "fast_socket": [],
                    "flex_start": false,
                    "gcfs_config": [],
                    "guest_accelerator": [],
                    "gvnic": [
                      {
                        "enabled": true
                      }
                    ],
                    "host_maintenance_policy": [],
                    "image_type": "COS_CONTAINERD",
                    "kubelet_config": [
                      {
                        "allowed_unsafe_sysctls": [],
                        "container_log_max_files": 0,
                        "container_log_max_size": "",
                        "cpu_cfs_quota": false,
                        "cpu_cfs_quota_period": "",
                        "cpu_manager_policy": "",
                        "image_gc_high_threshold_percent": 0,
                        "image_gc_low_threshold_percent": 0,
                        "image_maximum_gc_age": "",
                        "image_minimum_gc_age": "",
                        "insecure_kubelet_readonly_port_enabled": "FALSE",
                        "pod_pids_limit": 0
                      }
                    ],
                    "labels": {},
                    "linux_node_config": [],
                    "local_nvme_ssd_block_config": [],
                    "local_ssd_count": 0,
                    "local_ssd_encryption_mode": "",
                    "logging_variant": "DEFAULT",
                    "machine_type": "e2-medium",
                    "max_run_duration": "",
                    "metadata": {
                      "disable-legacy-endpoints": "true"
                    },
                    "min_cpu_platform": "",
                    "node_group": "",
                    "oauth_scopes": [
                      "https://www.googleapis.com/auth/devstorage.read_only",
                      "https://www.googleapis.com/auth/logging.write",
                      "https://www.googleapis.com/auth/monitoring",
                      "https://www.googleapis.com/auth/service.management.readonly",
                      "https://www.googleapis.com/auth/servicecontrol",
                      "https://www.googleapis.com/auth/trace.append"
                    ],
                    "preemptible": false,
                    "reservation_affinity": [
                      {
                        "consume_reservation_type": "NO_RESERVATION",
                        "key": "",
                        "values": []
                      }
                    ],
                    "resource_labels": {
                      "goog-gke-node-pool-provisioning-model": "on-demand"
                    },
                    "resource_manager_tags": {},
                    "secondary_boot_disks": [],
                    "service_account": "default",
                    "shielded_instance_config": [
                      {
                        "enable_integrity_monitoring": true,
                        "enable_secure_boot": true
                      }
                    ],
                    "sole_tenant_config": [],
                    "spot": false,
                    "storage_pools": [],
                    "tags": [],
                    "taint": [],
                    "windows_node_config": [
                      {
                        "osversion": ""
                      }
                    ],
                    "workload_metadata_config": [
                      {
                        "mode": "GKE_METADATA"
                      }
                    ]
                  }
                ],
                "node_count": 0,
                "node_locations": [
                  "europe-west1-b",
                  "europe-west1-c",
                  "europe-west1-d"
                ],
                "placement_policy": [],
                "queued_provisioning": [],
                "upgrade_settings": [
                  {
                    "blue_green_settings": [],
                    "max_surge": 1,
                    "max_unavailable": 0,
                    "strategy": "SURGE"
                  }
                ],
                "version": "1.32.4-gke.1353003"
              },
              {
                "autoscaling": [
                  {
                    "location_policy": "BALANCED",
                    "max_node_count": 1000,
                    "min_node_count": 0,
                    "total_max_node_count": 0,
                    "total_min_node_count": 0
                  }
                ],
                "initial_node_count": 0,
                "instance_group_urls": [],
                "managed_instance_group_urls": [],
                "management": [
                  {
                    "auto_repair": true,
                    "auto_upgrade": true
                  }
                ],
                "max_pods_per_node": 32,
                "name": "pool-2",
                "name_prefix": "",
                "network_config": [
                  {
                    "additional_node_network_configs": [],
                    "additional_pod_network_configs": [],
                    "create_pod_range": false,
                    "enable_private_nodes": true,
                    "network_performance_config": [],
                    "pod_cidr_overprovision_config": [],
                    "pod_ipv4_cidr_block": "10.24.0.0/16",
                    "pod_range": "nonprod-pods"
                  }
                ],
                "node_config": [
                  {
                    "advanced_machine_features": [],
                    "boot_disk_kms_key": "",
                    "confidential_nodes": [],
                    "containerd_config": [],
                    "disk_size_gb": 100,
                    "disk_type": "pd-balanced",
                    "effective_taints": [],
                    "enable_confidential_storage": false,
                    "ephemeral_storage_local_ssd_config": [],
                    "fast_socket": [],
                    "flex_start": false,
                    "gcfs_config": [],
                    "guest_accelerator": [],
                    "gvnic": [
                      {
                        "enabled": true
                      }
                    ],
                    "host_maintenance_policy": [],
                    "image_type": "COS_CONTAINERD",
                    "kubelet_config": [
                      {
                        "allowed_unsafe_sysctls": [],
                        "container_log_max_files": 0,
                        "container_log_max_size": "",
                        "cpu_cfs_quota": false,
                        "cpu_cfs_quota_period": "",
                        "cpu_manager_policy": "",
                        "image_gc_high_threshold_percent": 0,
                        "image_gc_low_threshold_percent": 0,
                        "image_maximum_gc_age": "",
                        "image_minimum_gc_age": "",
                        "insecure_kubelet_readonly_port_enabled": "FALSE",
                        "pod_pids_limit": 0
                      }
                    ],
                    "labels": {},
                    "linux_node_config": [],
                    "local_nvme_ssd_block_config": [],
                    "local_ssd_count": 0,
                    "local_ssd_encryption_mode": "",
                    "logging_variant": "DEFAULT",
                    "machine_type": "e2-standard-2",
                    "max_run_duration": "",
                    "metadata": {
                      "disable-legacy-endpoints": "true"
                    },
                    "min_cpu_platform": "",
                    "node_group": "",
                    "oauth_scopes": [
                      "https://www.googleapis.com/auth/devstorage.read_only",
                      "https://www.googleapis.com/auth/logging.write",
                      "https://www.googleapis.com/auth/monitoring",
                      "https://www.googleapis.com/auth/service.management.readonly",
                      "https://www.googleapis.com/auth/servicecontrol",
                      "https://www.googleapis.com/auth/trace.append"
                    ],
                    "preemptible": false,
                    "reservation_affinity": [
                      {
                        "consume_reservation_type": "NO_RESERVATION",
                        "key": "",
                        "values": []
                      }
                    ],
                    "resource_labels": {
                      "goog-gke-node-pool-provisioning-model": "on-demand"
                    },
                    "resource_manager_tags": {},
                    "secondary_boot_disks": [],
                    "service_account": "default",
                    "shielded_instance_config": [
                      {
                        "enable_integrity_monitoring": true,
                        "enable_secure_boot": true
                      }
                    ],
                    "sole_tenant_config": [],
                    "spot": false,
                    "storage_pools": [],
                    "tags": [],
                    "taint": [],
                    "windows_node_config": [
                      {
                        "osversion": ""
                      }
                    ],
                    "workload_metadata_config": [
                      {
                        "mode": "GKE_METADATA"
                      }
                    ]
                  }
                ],
                "node_count": 0,
                "node_locations": [
                  "europe-west1-b",
                  "europe-west1-c",
                  "europe-west1-d"
                ],
                "placement_policy": [],
                "queued_provisioning": [],
                "upgrade_settings": [
                  {
                    "blue_green_settings": [],
                    "max_surge": 1,
                    "max_unavailable": 0,
                    "strategy": "SURGE"
                  }
                ],
                "version": "1.32.4-gke.1353003"
              },
              {
                "autoscaling": [
                  {
                    "location_policy": "BALANCED",
                    "max_node_count": 1000,
                    "min_node_count": 0,
                    "total_max_node_count": 0,
                    "total_min_node_count": 0
                  }
                ],
                "initial_node_count": 0,
                "instance_group_urls": [],
                "managed_instance_group_urls": [],
                "management": [
                  {
                    "auto_repair": true,
                    "auto_upgrade": true
                  }
                ],
                "max_pods_per_node": 32,
                "name": "pool-3",
                "name_prefix": "",
                "network_config": [
                  {
                    "additional_node_network_configs": [],
                    "additional_pod_network_configs": [],
                    "create_pod_range": false,
                    "enable_private_nodes": true,
                    "network_performance_config": [],
                    "pod_cidr_overprovision_config": [],
                    "pod_ipv4_cidr_block": "10.24.0.0/16",
                    "pod_range": "nonprod-pods"
                  }
                ],
                "node_config": [
                  {
                    "advanced_machine_features": [],
                    "boot_disk_kms_key": "",
                    "confidential_nodes": [],
                    "containerd_config": [],
                    "disk_size_gb": 100,
                    "disk_type": "pd-balanced",
                    "effective_taints": [],
                    "enable_confidential_storage": false,
                    "ephemeral_storage_local_ssd_config": [],
                    "fast_socket": [],
                    "flex_start": false,
                    "gcfs_config": [],
                    "guest_accelerator": [],
                    "gvnic": [
                      {
                        "enabled": true
                      }
                    ],
                    "host_maintenance_policy": [],
                    "image_type": "COS_CONTAINERD",
                    "kubelet_config": [
                      {
                        "allowed_unsafe_sysctls": [],
                        "container_log_max_files": 0,
                        "container_log_max_size": "",
                        "cpu_cfs_quota": false,
                        "cpu_cfs_quota_period": "",
                        "cpu_manager_policy": "",
                        "image_gc_high_threshold_percent": 0,
                        "image_gc_low_threshold_percent": 0,
                        "image_maximum_gc_age": "",
                        "image_minimum_gc_age": "",
                        "insecure_kubelet_readonly_port_enabled": "FALSE",
                        "pod_pids_limit": 0
                      }
                    ],
                    "labels": {},
                    "linux_node_config": [],
                    "local_nvme_ssd_block_config": [],
                    "local_ssd_count": 0,
                    "local_ssd_encryption_mode": "",
                    "logging_variant": "DEFAULT",
                    "machine_type": "e2-standard-4",
                    "max_run_duration": "",
                    "metadata": {
                      "disable-legacy-endpoints": "true"
                    },
                    "min_cpu_platform": "",
                    "node_group": "",
                    "oauth_scopes": [
                      "https://www.googleapis.com/auth/devstorage.read_only",
                      "https://www.googleapis.com/auth/logging.write",
                      "https://www.googleapis.com/auth/monitoring",
                      "https://www.googleapis.com/auth/service.management.readonly",
                      "https://www.googleapis.com/auth/servicecontrol",
                      "https://www.googleapis.com/auth/trace.append"
                    ],
                    "preemptible": false,
                    "reservation_affinity": [
                      {
                        "consume_reservation_type": "NO_RESERVATION",
                        "key": "",
                        "values": []
                      }
                    ],
                    "resource_labels": {
                      "goog-gke-node-pool-provisioning-model": "on-demand"
                    },
                    "resource_manager_tags": {},
                    "secondary_boot_disks": [],
                    "service_account": "default",
                    "shielded_instance_config": [
                      {
                        "enable_integrity_monitoring": true,
                        "enable_secure_boot": true
                      }
                    ],
                    "sole_tenant_config": [],
                    "spot": false,
                    "storage_pools": [],
                    "tags": [],
                    "taint": [],
                    "windows_node_config": [
                      {
                        "osversion": ""
                      }
                    ],
                    "workload_metadata_config": [
                      {
                        "mode": "GKE_METADATA"
                      }
                    ]
                  }
                ],
                "node_count": 0,
                "node_locations": [
                  "europe-west1-b",
                  "europe-west1-c",
                  "europe-west1-d"
                ],
                "placement_policy": [],
                "queued_provisioning": [],
                "upgrade_settings": [
                  {
                    "blue_green_settings": [],
                    "max_surge": 1,
                    "max_unavailable": 0,
                    "strategy": "SURGE"
                  }
                ],
                "version": "1.32.4-gke.1353003"
              },
              {
                "autoscaling": [
                  {
                    "location_policy": "BALANCED",
                    "max_node_count": 1000,
                    "min_node_count": 0,
                    "total_max_node_count": 0,
                    "total_min_node_count": 0
                  }
                ],
                "initial_node_count": 0,
                "instance_group_urls": [],
                "managed_instance_group_urls": [],
                "management": [
                  {
                    "auto_repair": true,
                    "auto_upgrade": true
                  }
                ],
                "max_pods_per_node": 32,
                "name": "pool-4",
                "name_prefix": "",
                "network_config": [
                  {
                    "additional_node_network_configs": [],
                    "additional_pod_network_configs": [],
                    "create_pod_range": false,
                    "enable_private_nodes": true,
                    "network_performance_config": [],
                    "pod_cidr_overprovision_config": [],
                    "pod_ipv4_cidr_block": "10.24.0.0/16",
                    "pod_range": "nonprod-pods"
                  }
                ],
                "node_config": [
                  {
                    "advanced_machine_features": [],
                    "boot_disk_kms_key": "",
                    "confidential_nodes": [],
                    "containerd_config": [],
                    "disk_size_gb": 100,
                    "disk_type": "pd-balanced",
                    "effective_taints": [],
                    "enable_confidential_storage": false,
                    "ephemeral_storage_local_ssd_config": [],
                    "fast_socket": [],
                    "flex_start": false,
                    "gcfs_config": [],
                    "guest_accelerator": [],
                    "gvnic": [
                      {
                        "enabled": true
                      }
                    ],
                    "host_maintenance_policy": [],
                    "image_type": "COS_CONTAINERD",
                    "kubelet_config": [
                      {
                        "allowed_unsafe_sysctls": [],
                        "container_log_max_files": 0,
                        "container_log_max_size": "",
                        "cpu_cfs_quota": false,
                        "cpu_cfs_quota_period": "",
                        "cpu_manager_policy": "",
                        "image_gc_high_threshold_percent": 0,
                        "image_gc_low_threshold_percent": 0,
                        "image_maximum_gc_age": "",
                        "image_minimum_gc_age": "",
                        "insecure_kubelet_readonly_port_enabled": "FALSE",
                        "pod_pids_limit": 0
                      }
                    ],
                    "labels": {},
                    "linux_node_config": [],
                    "local_nvme_ssd_block_config": [],
                    "local_ssd_count": 0,
                    "local_ssd_encryption_mode": "",
                    "logging_variant": "DEFAULT",
                    "machine_type": "e2-standard-8",
                    "max_run_duration": "",
                    "metadata": {
                      "disable-legacy-endpoints": "true"
                    },
                    "min_cpu_platform": "",
                    "node_group": "",
                    "oauth_scopes": [
                      "https://www.googleapis.com/auth/devstorage.read_only",
                      "https://www.googleapis.com/auth/logging.write",
                      "https://www.googleapis.com/auth/monitoring",
                      "https://www.googleapis.com/auth/service.management.readonly",
                      "https://www.googleapis.com/auth/servicecontrol",
                      "https://www.googleapis.com/auth/trace.append"
                    ],
                    "preemptible": false,
                    "reservation_affinity": [
                      {
                        "consume_reservation_type": "NO_RESERVATION",
                        "key": "",
                        "values": []
                      }
                    ],
                    "resource_labels": {
                      "goog-gke-node-pool-provisioning-model": "on-demand"
                    },
                    "resource_manager_tags": {},
                    "secondary_boot_disks": [],
                    "service_account": "default",
                    "shielded_instance_config": [
                      {
                        "enable_integrity_monitoring": true,
                        "enable_secure_boot": true
                      }
                    ],
                    "sole_tenant_config": [],
                    "spot": false,
                    "storage_pools": [],
                    "tags": [],
                    "taint": [],
                    "windows_node_config": [
                      {
                        "osversion": ""
                      }
                    ],
                    "workload_metadata_config": [
                      {
                        "mode": "GKE_METADATA"
                      }
                    ]
                  }
                ],
                "node_count": 0,
                "node_locations": [
                  "europe-west1-b",
                  "europe-west1-c",
                  "europe-west1-d"
                ],
                "placement_policy": [],
                "queued_provisioning": [],
                "upgrade_settings": [
                  {
                    "blue_green_settings": [],
                    "max_surge": 1,
                    "max_unavailable": 0,
                    "strategy": "SURGE"
                  }
                ],
                "version": "1.32.4-gke.1353003"
              },
              {
                "autoscaling": [
                  {
                    "location_policy": "BALANCED",
                    "max_node_count": 1000,
                    "min_node_count": 0,
                    "total_max_node_count": 0,
                    "total_min_node_count": 0
                  }
                ],
                "initial_node_count": 0,
                "instance_group_urls": [],
                "managed_instance_group_urls": [],
                "management": [
                  {
                    "auto_repair": true,
                    "auto_upgrade": true
                  }
                ],
                "max_pods_per_node": 32,
                "name": "pool-5",
                "name_prefix": "",
                "network_config": [
                  {
                    "additional_node_network_configs": [],
                    "additional_pod_network_configs": [],
                    "create_pod_range": false,
                    "enable_private_nodes": true,
                    "network_performance_config": [],
                    "pod_cidr_overprovision_config": [],
                    "pod_ipv4_cidr_block": "10.24.0.0/16",
                    "pod_range": "nonprod-pods"
                  }
                ],
                "node_config": [
                  {
                    "advanced_machine_features": [],
                    "boot_disk_kms_key": "",
                    "confidential_nodes": [],
                    "containerd_config": [],
                    "disk_size_gb": 100,
                    "disk_type": "pd-balanced",
                    "effective_taints": [],
                    "enable_confidential_storage": false,
                    "ephemeral_storage_local_ssd_config": [],
                    "fast_socket": [],
                    "flex_start": false,
                    "gcfs_config": [],
                    "guest_accelerator": [],
                    "gvnic": [
                      {
                        "enabled": true
                      }
                    ],
                    "host_maintenance_policy": [],
                    "image_type": "COS_CONTAINERD",
                    "kubelet_config": [
                      {
                        "allowed_unsafe_sysctls": [],
                        "container_log_max_files": 0,
                        "container_log_max_size": "",
                        "cpu_cfs_quota": false,
                        "cpu_cfs_quota_period": "",
                        "cpu_manager_policy": "",
                        "image_gc_high_threshold_percent": 0,
                        "image_gc_low_threshold_percent": 0,
                        "image_maximum_gc_age": "",
                        "image_minimum_gc_age": "",
                        "insecure_kubelet_readonly_port_enabled": "FALSE",
                        "pod_pids_limit": 0
                      }
                    ],
                    "labels": {},
                    "linux_node_config": [],
                    "local_nvme_ssd_block_config": [],
                    "local_ssd_count": 0,
                    "local_ssd_encryption_mode": "",
                    "logging_variant": "DEFAULT",
                    "machine_type": "e2-standard-16",
                    "max_run_duration": "",
                    "metadata": {
                      "disable-legacy-endpoints": "true"
                    },
                    "min_cpu_platform": "",
                    "node_group": "",
                    "oauth_scopes": [
                      "https://www.googleapis.com/auth/devstorage.read_only",
                      "https://www.googleapis.com/auth/logging.write",
                      "https://www.googleapis.com/auth/monitoring",
                      "https://www.googleapis.com/auth/service.management.readonly",
                      "https://www.googleapis.com/auth/servicecontrol",
                      "https://www.googleapis.com/auth/trace.append"
                    ],
                    "preemptible": false,
                    "reservation_affinity": [
                      {
                        "consume_reservation_type": "NO_RESERVATION",
                        "key": "",
                        "values": []
                      }
                    ],
                    "resource_labels": {
                      "goog-gke-node-pool-provisioning-model": "on-demand"
                    },
                    "resource_manager_tags": {},
                    "secondary_boot_disks": [],
                    "service_account": "default",
                    "shielded_instance_config": [
                      {
                        "enable_integrity_monitoring": true,
                        "enable_secure_boot": true
                      }
                    ],
                    "sole_tenant_config": [],
                    "spot": false,
                    "storage_pools": [],
                    "tags": [],
                    "taint": [],
                    "windows_node_config": [
                      {
                        "osversion": ""
                      }
                    ],
                    "workload_metadata_config": [
                      {
                        "mode": "GKE_METADATA"
                      }
                    ]
                  }
                ],
                "node_count": 0,
                "node_locations": [
                  "europe-west1-b",
                  "europe-west1-c",
                  "europe-west1-d"
                ],
                "placement_policy": [],
                "queued_provisioning": [],
                "upgrade_settings": [
                  {
                    "blue_green_settings": [],
                    "max_surge": 1,
                    "max_unavailable": 0,
                    "strategy": "SURGE"
                  }
                ],
                "version": "1.32.4-gke.1353003"
              },
              {
                "autoscaling": [
                  {
                    "location_policy": "BALANCED",
                    "max_node_count": 1000,
                    "min_node_count": 0,
                    "total_max_node_count": 0,
                    "total_min_node_count": 0
                  }
                ],
                "initial_node_count": 0,
                "instance_group_urls": [],
                "managed_instance_group_urls": [],
                "management": [
                  {
                    "auto_repair": true,
                    "auto_upgrade": true
                  }
                ],
                "max_pods_per_node": 32,
                "name": "pool-6",
                "name_prefix": "",
                "network_config": [
                  {
                    "additional_node_network_configs": [],
                    "additional_pod_network_configs": [],
                    "create_pod_range": false,
                    "enable_private_nodes": true,
                    "network_performance_config": [],
                    "pod_cidr_overprovision_config": [],
                    "pod_ipv4_cidr_block": "10.24.0.0/16",
                    "pod_range": "nonprod-pods"
                  }
                ],
                "node_config": [
                  {
                    "advanced_machine_features": [],
                    "boot_disk_kms_key": "",
                    "confidential_nodes": [],
                    "containerd_config": [],
                    "disk_size_gb": 100,
                    "disk_type": "pd-balanced",
                    "effective_taints": [],
                    "enable_confidential_storage": false,
                    "ephemeral_storage_local_ssd_config": [],
                    "fast_socket": [],
                    "flex_start": false,
                    "gcfs_config": [],
                    "guest_accelerator": [],
                    "gvnic": [
                      {
                        "enabled": true
                      }
                    ],
                    "host_maintenance_policy": [],
                    "image_type": "COS_CONTAINERD",
                    "kubelet_config": [
                      {
                        "allowed_unsafe_sysctls": [],
                        "container_log_max_files": 0,
                        "container_log_max_size": "",
                        "cpu_cfs_quota": false,
                        "cpu_cfs_quota_period": "",
                        "cpu_manager_policy": "",
                        "image_gc_high_threshold_percent": 0,
                        "image_gc_low_threshold_percent": 0,
                        "image_maximum_gc_age": "",
                        "image_minimum_gc_age": "",
                        "insecure_kubelet_readonly_port_enabled": "FALSE",
                        "pod_pids_limit": 0
                      }
                    ],
                    "labels": {},
                    "linux_node_config": [],
                    "local_nvme_ssd_block_config": [],
                    "local_ssd_count": 0,
                    "local_ssd_encryption_mode": "",
                    "logging_variant": "DEFAULT",
                    "machine_type": "e2-standard-32",
                    "max_run_duration": "",
                    "metadata": {
                      "disable-legacy-endpoints": "true"
                    },
                    "min_cpu_platform": "",
                    "node_group": "",
                    "oauth_scopes": [
                      "https://www.googleapis.com/auth/devstorage.read_only",
                      "https://www.googleapis.com/auth/logging.write",
                      "https://www.googleapis.com/auth/monitoring",
                      "https://www.googleapis.com/auth/service.management.readonly",
                      "https://www.googleapis.com/auth/servicecontrol",
                      "https://www.googleapis.com/auth/trace.append"
                    ],
                    "preemptible": false,
                    "reservation_affinity": [
                      {
                        "consume_reservation_type": "NO_RESERVATION",
                        "key": "",
                        "values": []
                      }
                    ],
                    "resource_labels": {
                      "goog-gke-node-pool-provisioning-model": "on-demand"
                    },
                    "resource_manager_tags": {},
                    "secondary_boot_disks": [],
                    "service_account": "default",
                    "shielded_instance_config": [
                      {
                        "enable_integrity_monitoring": true,
                        "enable_secure_boot": true
                      }
                    ],
                    "sole_tenant_config": [],
                    "spot": false,
                    "storage_pools": [],
                    "tags": [],
                    "taint": [],
                    "windows_node_config": [
                      {
                        "osversion": ""
                      }
                    ],
                    "workload_metadata_config": [
                      {
                        "mode": "GKE_METADATA"
                      }
                    ]
                  }
                ],
                "node_count": 0,
                "node_locations": [
                  "europe-west1-b",
                  "europe-west1-c",
                  "europe-west1-d"
                ],
                "placement_policy": [],
                "queued_provisioning": [],
                "upgrade_settings": [
                  {
                    "blue_green_settings": [],
                    "max_surge": 1,
                    "max_unavailable": 0,
                    "strategy": "SURGE"
                  }
                ],
                "version": "1.32.4-gke.1353003"
              },
              {
                "autoscaling": [
                  {
                    "location_policy": "BALANCED",
                    "max_node_count": 1000,
                    "min_node_count": 0,
                    "total_max_node_count": 0,
                    "total_min_node_count": 0
                  }
                ],
                "initial_node_count": 0,
                "instance_group_urls": [],
                "managed_instance_group_urls": [],
                "management": [
                  {
                    "auto_repair": true,
                    "auto_upgrade": true
                  }
                ],
                "max_pods_per_node": 32,
                "name": "nap-1ei38d5q",
                "name_prefix": "",
                "network_config": [
                  {
                    "additional_node_network_configs": [],
                    "additional_pod_network_configs": [],
                    "create_pod_range": false,
                    "enable_private_nodes": true,
                    "network_performance_config": [],
                    "pod_cidr_overprovision_config": [],
                    "pod_ipv4_cidr_block": "10.24.0.0/16",
                    "pod_range": "nonprod-pods"
                  }
                ],
                "node_config": [
                  {
                    "advanced_machine_features": [],
                    "boot_disk_kms_key": "",
                    "confidential_nodes": [],
                    "containerd_config": [],
                    "disk_size_gb": 100,
                    "disk_type": "pd-balanced",
                    "effective_taints": [],
                    "enable_confidential_storage": false,
                    "ephemeral_storage_local_ssd_config": [],
                    "fast_socket": [],
                    "flex_start": false,
                    "gcfs_config": [],
                    "guest_accelerator": [],
                    "gvnic": [
                      {
                        "enabled": true
                      }
                    ],
                    "host_maintenance_policy": [],
                    "image_type": "COS_CONTAINERD",
                    "kubelet_config": [
                      {
                        "allowed_unsafe_sysctls": [],
                        "container_log_max_files": 0,
                        "container_log_max_size": "",
                        "cpu_cfs_quota": false,
                        "cpu_cfs_quota_period": "",
                        "cpu_manager_policy": "",
                        "image_gc_high_threshold_percent": 0,
                        "image_gc_low_threshold_percent": 0,
                        "image_maximum_gc_age": "",
                        "image_minimum_gc_age": "",
                        "insecure_kubelet_readonly_port_enabled": "FALSE",
                        "pod_pids_limit": 0
                      }
                    ],
                    "labels": {},
                    "linux_node_config": [],
                    "local_nvme_ssd_block_config": [],
                    "local_ssd_count": 0,
                    "local_ssd_encryption_mode": "",
                    "logging_variant": "DEFAULT",
                    "machine_type": "ek-standard-16",
                    "max_run_duration": "",
                    "metadata": {
                      "disable-legacy-endpoints": "true"
                    },
                    "min_cpu_platform": "",
                    "node_group": "",
                    "oauth_scopes": [
                      "https://www.googleapis.com/auth/devstorage.read_only",
                      "https://www.googleapis.com/auth/logging.write",
                      "https://www.googleapis.com/auth/monitoring",
                      "https://www.googleapis.com/auth/service.management.readonly",
                      "https://www.googleapis.com/auth/servicecontrol",
                      "https://www.googleapis.com/auth/trace.append"
                    ],
                    "preemptible": false,
                    "reservation_affinity": [
                      {
                        "consume_reservation_type": "NO_RESERVATION",
                        "key": "",
                        "values": []
                      }
                    ],
                    "resource_labels": {
                      "goog-gke-node-pool-provisioning-model": "on-demand"
                    },
                    "resource_manager_tags": {},
                    "secondary_boot_disks": [],
                    "service_account": "default",
                    "shielded_instance_config": [
                      {
                        "enable_integrity_monitoring": true,
                        "enable_secure_boot": true
                      }
                    ],
                    "sole_tenant_config": [],
                    "spot": false,
                    "storage_pools": [],
                    "tags": [],
                    "taint": [],
                    "windows_node_config": [
                      {
                        "osversion": ""
                      }
                    ],
                    "workload_metadata_config": [
                      {
                        "mode": "GKE_METADATA"
                      }
                    ]
                  }
                ],
                "node_count": 0,
                "node_locations": [
                  "europe-west1-b",
                  "europe-west1-c",
                  "europe-west1-d"
                ],
                "placement_policy": [
                  {
                    "policy_name": "",
                    "tpu_topology": "",
                    "type": ""
                  }
                ],
                "queued_provisioning": [],
                "upgrade_settings": [
                  {
                    "blue_green_settings": [],
                    "max_surge": 1,
                    "max_unavailable": 0,
                    "strategy": "SURGE"
                  }
                ],
                "version": "1.32.4-gke.1353003"
              }
            ],
            "node_pool_auto_config": [
              {
                "linux_node_config": [],
                "network_tags": [],
                "node_kubelet_config": [
                  {
                    "insecure_kubelet_readonly_port_enabled": "FALSE"
                  }
                ],
                "resource_manager_tags": {}
              }
            ],
            "node_pool_defaults": [
              {
                "node_config_defaults": [
                  {
                    "containerd_config": [],
                    "gcfs_config": [
                      {
                        "enabled": true
                      }
                    ],
                    "insecure_kubelet_readonly_port_enabled": "FALSE",
                    "logging_variant": "DEFAULT"
                  }
                ]
              }
            ],
            "node_version": "1.32.4-gke.1353003",
            "notification_config": [
              {
                "pubsub": [
                  {
                    "enabled": false,
                    "filter": [],
                    "topic": ""
                  }
                ]
              }
            ],
            "operation": null,
            "pod_autoscaling": [
              {
                "hpa_profile": "HPA_PROFILE_UNSPECIFIED"
              }
            ],
            "private_cluster_config": [
              {
                "enable_private_endpoint": false,
                "enable_private_nodes": true,
                "master_global_access_config": [
                  {
                    "enabled": false
                  }
                ],
                "master_ipv4_cidr_block": "172.16.1.0/28",
                "peering_name": "",
                "private_endpoint": "172.16.1.2",
                "private_endpoint_subnetwork": "projects/u2i-gke-network/regions/europe-west1/subnetworks/gke-nonprod-autopilot-5941bf1d-pe-subnet",
                "public_endpoint": "35.240.7.141"
              }
            ],
            "private_ipv6_google_access": "",
            "project": "u2i-gke-nonprod",
            "release_channel": [
              {
                "channel": "REGULAR"
              }
            ],
            "remove_default_node_pool": null,
            "resource_labels": {
              "compliance_framework": "iso27001-soc2-gdpr",
              "data_residency": "eu",
              "environment": "non-production",
              "gdpr_compliant": "true",
              "goog-terraform-provisioned": "true",
              "region": "belgium"
            },
            "resource_usage_export_config": [],
            "secret_manager_config": [
              {
                "enabled": false
              }
            ],
            "security_posture_config": [
              {
                "mode": "BASIC",
                "vulnerability_mode": "VULNERABILITY_MODE_UNSPECIFIED"
              }
            ],
            "self_link": "https://container.googleapis.com/v1/projects/u2i-gke-nonprod/locations/europe-west1/clusters/nonprod-autopilot",
            "service_external_ips_config": [
              {
                "enabled": false
              }
            ],
            "services_ipv4_cidr": "10.25.0.0/16",
            "subnetwork": "projects/u2i-gke-network/regions/europe-west1/subnetworks/gke-nonprod-subnet",
            "terraform_labels": {
              "compliance_framework": "iso27001-soc2-gdpr",
              "data_residency": "eu",
              "environment": "non-production",
              "gdpr_compliant": "true",
              "goog-terraform-provisioned": "true",
              "region": "belgium"
            },
            "tpu_ipv4_cidr_block": "",
            "user_managed_keys_config": [],
            "vertical_pod_autoscaling": [
              {
                "enabled": true
              }
            ],
            "workload_identity_config": [
              {
                "workload_pool": "u2i-gke-nonprod.svc.id.goog"
              }
            ]
          },
          "sensitive_attributes": []
        }
      ]
    },
    {
      "mode": "data",
      "type": "google_container_cluster",
      "name": "prod",
      "provider": "provider[\"registry.terraform.io/hashicorp/google\"]",
      "instances": [
        {
          "schema_version": 0,
          "attributes": {
            "addons_config": [
              {
                "cloudrun_config": [],
                "config_connector_config": [],
                "dns_cache_config": [
                  {
                    "enabled": true
                  }
                ],
                "gce_persistent_disk_csi_driver_config": [
                  {
                    "enabled": true
                  }
                ],
                "gcp_filestore_csi_driver_config": [
                  {
                    "enabled": true
                  }
                ],
                "gcs_fuse_csi_driver_config": [
                  {
                    "enabled": true
                  }
                ],
                "gke_backup_agent_config": [],
                "horizontal_pod_autoscaling": [],
                "http_load_balancing": [],
                "network_policy_config": [
                  {
                    "disabled": true
                  }
                ],
                "parallelstore_csi_driver_config": [
                  {
                    "enabled": true
                  }
                ],
                "ray_operator_config": [],
                "stateful_ha_config": [
                  {
                    "enabled": true
                  }
                ]
              }
            ],
            "allow_net_admin": null,
            "authenticator_groups_config": [],
            "binary_authorization": [
              {
                "enabled": false,
                "evaluation_mode": ""
              }
            ],
            "cluster_autoscaling": [
              {
                "auto_provisioning_defaults": [
                  {
                    "boot_disk_kms_key": "",
                    "disk_size": 0,
                    "disk_type": "",
                    "image_type": "COS_CONTAINERD",
                    "management": [
                      {
                        "auto_repair": true,
                        "auto_upgrade": true,
                        "upgrade_options": []
                      }
                    ],
                    "min_cpu_platform": "",
                    "oauth_scopes": [
                      "https://www.googleapis.com/auth/devstorage.read_only",
                      "https://www.googleapis.com/auth/logging.write",
                      "https://www.googleapis.com/auth/monitoring",
                      "https://www.googleapis.com/auth/service.management.readonly",
                      "https://www.googleapis.com/auth/servicecontrol",
                      "https://www.googleapis.com/auth/trace.append"
                    ],
                    "service_account": "default",
                    "shielded_instance_config": [],
                    "upgrade_settings": [
                      {
                        "blue_green_settings": [],
                        "max_surge": 1,
                        "max_unavailable": 0,
                        "strategy": "SURGE"
                      }
                    ]
                  }
                ],
                "auto_provisioning_locations": [],
                "autoscaling_profile": "OPTIMIZE_UTILIZATION",
                "enabled": true,
                "resource_limits": [
                  {
                    "maximum": 1000000000,
                    "minimum": 0,
                    "resource_type": "cpu"
                  },
                  {
                    "maximum": 1000000000,
                    "minimum": 0,
                    "resource_type": "memory"
                  },
                  {
                    "maximum": 1000000000,
                    "minimum": 0,
                    "resource_type": "nvidia-tesla-t4"
                  },
                  {
                    "maximum": 1000000000,
                    "minimum": 0,
                    "resource_type": "nvidia-tesla-a100"
                  }
                ]
              }
            ],
            "cluster_ipv4_cidr": "10.16.0.0/14",
            "confidential_nodes": [],
            "control_plane_endpoints_config": [
              {
                "dns_endpoint_config": [
                  {
                    "allow_external_traffic": false,
                    "endpoint": "gke-b9def229683947b4bc9eb36c32949ad1cf91-382936717628.europe-west1.gke.goog"
                  }
                ],
                "ip_endpoints_config": [
                  {
                    "enabled": true
                  }
                ]
              }
            ],
            "cost_management_config": [],
            "database_encryption": [
              {
                "key_name": "",
                "state": "DECRYPTED"
              }
            ],
            "datapath_provider": "ADVANCED_DATAPATH",
            "default_max_pods_per_node": 110,
            "default_snat_status": [
              {
                "disabled": false
              }
            ],
            "deletion_protection": null,
            "description": "",
            "disable_l4_lb_firewall_reconciliation": false,
            "dns_config": [
              {
                "additive_vpc_scope_dns_domain": "",
                "cluster_dns": "CLOUD_DNS",
                "cluster_dns_domain": "cluster.local",
                "cluster_dns_scope": "CLUSTER_SCOPE"
              }
            ],
            "effective_labels": {
              "compliance_framework": "iso27001-soc2-gdpr",
              "data_residency": "eu",
              "environment": "production",
              "gdpr_compliant": "true",
              "goog-terraform-provisioned": "true",
              "region": "belgium"
            },
            "enable_autopilot": true,
            "enable_cilium_clusterwide_network_policy": false,
            "enable_fqdn_network_policy": false,
            "enable_intranode_visibility": true,
            "enable_k8s_beta_apis": [],
            "enable_kubernetes_alpha": false,
            "enable_l4_ilb_subsetting": false,
            "enable_legacy_abac": false,
            "enable_multi_networking": false,
            "enable_shielded_nodes": true,
            "enable_tpu": false,
            "endpoint": "172.16.0.2",
            "enterprise_config": [
              {
                "cluster_tier": "STANDARD",
                "desired_tier": ""
              }
            ],
            "fleet": [],
            "gateway_api_config": [
              {
                "channel": "CHANNEL_STANDARD"
              }
            ],
            "id": "projects/u2i-gke-prod/locations/europe-west1/clusters/prod-autopilot",
            "identity_service_config": [],
            "in_transit_encryption_config": "",
            "initial_node_count": 0,
            "ip_allocation_policy": [
              {
                "additional_pod_ranges_config": [],
                "cluster_ipv4_cidr_block": "10.16.0.0/14",
                "cluster_secondary_range_name": "prod-pods",
                "pod_cidr_overprovision_config": [
                  {
                    "disabled": false
                  }
                ],
                "services_ipv4_cidr_block": "10.20.0.0/16",
                "services_secondary_range_name": "prod-services",
                "stack_type": "IPV4"
              }
            ],
            "label_fingerprint": "a8c166a1",
            "location": "europe-west1",
            "logging_config": [
              {
                "enable_components": [
                  "SYSTEM_COMPONENTS",
                  "WORKLOADS"
                ]
              }
            ],
            "logging_service": "logging.googleapis.com/kubernetes",
            "maintenance_policy": [],
            "master_auth": [
              {
                "client_certificate": "",
                "client_certificate_config": [
                  {
                    "issue_client_certificate": false
                  }
                ],
                "client_key": "",
                "cluster_ca_certificate": "LS0tLS1CRUdJTiBDRVJUSUZJQ0FURS0tLS0tCk1JSUVMVENDQXBXZ0F3SUJBZ0lSQUxBUEUyN2JPVzJpM0pUeUp4UGlyQWd3RFFZSktvWklodmNOQVFFTEJRQXcKTHpFdE1Dc0dBMVVFQXhNa00yUmpNR1JoTXpJdE1qQTJNaTAwTUdNMkxXRTVaV1V0T0RkbE1UVXhZelV4WWpZMwpNQ0FYRFRJMU1EWXhOakUxTlRneU5Gb1lEekl3TlRVd05qQTVNVFkxT0RJMFdqQXZNUzB3S3dZRFZRUURFeVF6ClpHTXdaR0V6TWkweU1EWXlMVFF3WXpZdFlUbGxaUzA0TjJVeE5URmpOVEZpTmpjd2dnR2lNQTBHQ1NxR1NJYjMKRFFFQkFRVUFBNElCandBd2dnR0tBb0lCZ1FDbFVRS1dSYlRqN2R5MlpqOXNaU3JGTWJvZjhFL3FVNmc1WUIrZgptb24zWE9ydFFWVmJvazZtNEtKYlNRU213NnBpL0JUQjVDNTRTOVdrSHdqWEZCZWNmeDdxTjhQYnlIYzh3TStiCjJLb0VJUW5TSGkzQU1iWitqWVRZbERTaGNVUEhjYU1yUzlDQkpPc1lDT0FYbDdKSStNcldNUnZveWQxbXB1ckkKRVcxclVKNk85WEdwQWF3OHBTTGVvd3I3TTdMLzl6WUtGRnZRbWVTc3hqdXkyWkR3MkZRMi9pSmVneVQ5ZmN1WgpPLytPOUdESXgvQkNCOVUzNkl1Z0k5aHZtOEJVTUxUaVpJR3k2RG56amxoYVVyWUh1OFFiNHAzaElUSHJCV2NxCmtvc1FMd1dUQWxYMDJkREl2UlZOQ3NaQ2xhVGR3ZW5jclFqZ3h0aTV1REQxUjNydTE0YzVJOEJQZ0VwSythWlUKSmRsNUhhNjBJQnpPOVg3R2JLZFN4QVhLZDZzZldMd1U5Q0xvdVYxaFkvM0VMWThhcnVuVDVRQ09KT1FVazNTawpNZDdaWk1TM2pDcDZZYzMza1RzQlN6S3FmQy9meXZwOVc2a0kvQUk3SWp0ZUdwejVieTE4RHA4WnV1MnpnQXB5CjN2d2U4a1d5ejBPVDAvRjZwSUFleGRlVEdETUNBd0VBQWFOQ01FQXdEZ1lEVlIwUEFRSC9CQVFEQWdJRU1BOEcKQTFVZEV3RUIvd1FGTUFNQkFmOHdIUVlEVlIwT0JCWUVGSVp2dnZKOHprTDJ2WnZiNEZwa3l0bS84dE4yTUEwRwpDU3FHU0liM0RRRUJDd1VBQTRJQmdRQWVVSnZuSGRxaVlSNmg0THNrU2I0bVg2ejNCbzNaejhxRjJqOGVxR1RIClViczRiZm5YRFhBK0ZHNDNIZXJTem9sRExsaUY3NTRGblh5TnpBZnB3TjV5dllaejJ5cStTTmdTNzlOTGVaTlAKWWVIRkEyOVlrR3p0eHA3aDFSUkM4NkM4VTRabWphcmdjVm1EQ29Tb0h4TVNLM0IwbTA2bTBNclZFWGF2SE54awpHdHBzUTNBVlcrRmlBTkJ5SXl3UmJJcEdxdENpVGY5MjNnRTl2TUdJUGYrSUlmZGxqbm1tV21jdmdZV21Vb2hOClFQcnI3NExwWVg5NG9sQS83TFZMWFp0MGFsSnlmektMaG9iVE5yaTViNjFEWTEyTE50QTZqU0JQcGxwK09VdjAKSG5UMFBhUlhJVFZZcVZtSnpmdm12SUNUOEQ0dzhGbFppWWROQll5UnZsUHl2TkJBN3NRWmJPa25LTTZxazVOeApMR0JuSVdyV0JKTzErMU13OE9YNUJoRzI4bENyUXJGeEpyU0ZaV2RuVWlULzJ0MEJJZmVGQytJWTFEajRWN0dhCjl0cjRBazdrUEgyekR2MlpsUG0vQUpmcG1IZTgzTkIvWlZUNTU4VXgxYkJhSHpkYjI1RTVXbFZQRkpYcEtVTUsKNGpWOHRHWVhsM3Z0QVRvM2Z3TlBkZFU9Ci0tLS0tRU5EIENFUlRJRklDQVRFLS0tLS0K"
              }
            ],
            "master_authorized_networks_config": [
              {
                "cidr_blocks": [
                  {
                    "cidr_block": "10.0.0.0/8",
                    "display_name": "Private networks"
                  }
                ],
                "gcp_public_cidrs_access_enabled": false,
                "private_endpoint_enforcement_enabled": true
              }
            ],
            "master_version": "1.32.4-gke.1353003",
            "mesh_certificates": [],
            "min_master_version": null,
            "monitoring_config": [
              {
                "advanced_datapath_observability_config": [
                  {
                    "enable_metrics": true,
                    "enable_relay": false
                  }
                ],
                "enable_components": [
                  "SYSTEM_COMPONENTS",
                  "JOBSET",
                  "STORAGE",
                  "HPA",
                  "POD",
                  "DAEMONSET",
                  "DEPLOYMENT",
                  "STATEFULSET",
                  "CADVISOR",
                  "KUBELET",
                  "DCGM"
                ],
                "managed_prometheus": [
                  {
                    "auto_monitoring_config": [],
                    "enabled": true
                  }
                ]
              }
            ],
            "monitoring_service": "monitoring.googleapis.com/kubernetes",
            "name": "prod-autopilot",
            "network": "projects/u2i-gke-network/global/networks/gke-shared-vpc",
            "network_performance_config": [],
            "network_policy": [
              {
                "enabled": false,
                "provider": "PROVIDER_UNSPECIFIED"
              }
            ],
            "networking_mode": "VPC_NATIVE",
            "node_config": [
              {
                "advanced_machine_features": [],
                "boot_disk_kms_key": "",
                "confidential_nodes": [],
                "containerd_config": [],
                "disk_size_gb": 100,
                "disk_type": "pd-balanced",
                "effective_taints": [
                  {
                    "effect": "NO_SCHEDULE",
                    "key": "cloud.google.com/gke-quick-remove",
                    "value": "true"
                  }
                ],
                "enable_confidential_storage": false,
                "ephemeral_storage_local_ssd_config": [],
                "fast_socket": [],
                "flex_start": false,
                "gcfs_config": [],
                "guest_accelerator": [],
                "gvnic": [
                  {
                    "enabled": true
                  }
                ],
                "host_maintenance_policy": [],
                "image_type": "COS_CONTAINERD",
                "kubelet_config": [
                  {
                    "allowed_unsafe_sysctls": [],
                    "container_log_max_files": 0,
                    "container_log_max_size": "",
                    "cpu_cfs_quota": false,
                    "cpu_cfs_quota_period": "",
                    "cpu_manager_policy": "",
                    "image_gc_high_threshold_percent": 0,
                    "image_gc_low_threshold_percent": 0,
                    "image_maximum_gc_age": "",
                    "image_minimum_gc_age": "",
                    "insecure_kubelet_readonly_port_enabled": "FALSE",
                    "pod_pids_limit": 0
                  }
                ],
                "labels": {},
                "linux_node_config": [],
                "local_nvme_ssd_block_config": [],
                "local_ssd_count": 0,
                "local_ssd_encryption_mode": "",
                "logging_variant": "DEFAULT",
                "machine_type": "e2-small",
                "max_run_duration": "",
                "metadata": {
                  "disable-legacy-endpoints": "true"
                },
                "min_cpu_platform": "",
                "node_group": "",
                "oauth_scopes": [
                  "https://www.googleapis.com/auth/devstorage.read_only",
                  "https://www.googleapis.com/auth/logging.write",
                  "https://www.googleapis.com/auth/monitoring",
                  "https://www.googleapis.com/auth/service.management.readonly",
                  "https://www.googleapis.com/auth/servicecontrol",
                  "https://www.googleapis.com/auth/trace.append"
                ],
                "preemptible": false,
                "reservation_affinity": [
                  {
                    "consume_reservation_type": "NO_RESERVATION",
                    "key": "",
                    "values": []
                  }
                ],
                "resource_labels": {
                  "goog-gke-node-pool-provisioning-model": "on-demand"
                },
                "resource_manager_tags": {},
                "secondary_boot_disks": [],
                "service_account": "default",
                "shielded_instance_config": [
                  {
                    "enable_integrity_monitoring": true,
                    "enable_secure_boot": true
                  }
                ],
                "sole_tenant_config": [],
                "spot": false,
                "storage_pools": [],
                "tags": [],
                "taint": [],
                "windows_node_config": [
                  {
                    "osversion": ""
                  }
                ],
                "workload_metadata_config": [
                  {
                    "mode": "GKE_METADATA"
                  }
                ]
              }
            ],
            "node_locations": [
              "europe-west1-b",
              "europe-west1-c",
              "europe-west1-d"
            ],
            "node_pool": [
              {
                "autoscaling": [
                  {
                    "location_policy": "BALANCED",
                    "max_node_count": 1000,
                    "min_node_count": 0,
                    "total_max_node_count": 0,
                    "total_min_node_count": 0
                  }
                ],
                "initial_node_count": 1,
                "instance_group_urls": [],
                "managed_instance_group_urls": [],
                "management": [
                  {
                    "auto_repair": true,
                    "auto_upgrade": true
                  }
                ],
                "max_pods_per_node": 32,
                "name": "default-pool",
                "name_prefix": "",
                "network_config": [
                  {
                    "additional_node_network_configs": [],
                    "additional_pod_network_configs": [],
                    "create_pod_range": false,
                    "enable_private_nodes": true,
                    "network_performance_config": [],
                    "pod_cidr_overprovision_config": [],
                    "pod_ipv4_cidr_block": "10.16.0.0/14",
                    "pod_range": "prod-pods"
                  }
                ],
                "node_config": [
                  {
                    "advanced_machine_features": [],
                    "boot_disk_kms_key": "",
                    "confidential_nodes": [],
                    "containerd_config": [],
                    "disk_size_gb": 100,
                    "disk_type": "pd-balanced",
                    "effective_taints": [
                      {
                        "effect": "NO_SCHEDULE",
                        "key": "cloud.google.com/gke-quick-remove",
                        "value": "true"
                      }
                    ],
                    "enable_confidential_storage": false,
                    "ephemeral_storage_local_ssd_config": [],
                    "fast_socket": [],
                    "flex_start": false,
                    "gcfs_config": [],
                    "guest_accelerator": [],
                    "gvnic": [
                      {
                        "enabled": true
                      }
                    ],
                    "host_maintenance_policy": [],
                    "image_type": "COS_CONTAINERD",
                    "kubelet_config": [
                      {
                        "allowed_unsafe_sysctls": [],
                        "container_log_max_files": 0,
                        "container_log_max_size": "",
                        "cpu_cfs_quota": false,
                        "cpu_cfs_quota_period": "",
                        "cpu_manager_policy": "",
                        "image_gc_high_threshold_percent": 0,
                        "image_gc_low_threshold_percent": 0,
                        "image_maximum_gc_age": "",
                        "image_minimum_gc_age": "",
                        "insecure_kubelet_readonly_port_enabled": "FALSE",
                        "pod_pids_limit": 0
                      }
                    ],
                    "labels": {},
                    "linux_node_config": [],
                    "local_nvme_ssd_block_config": [],
                    "local_ssd_count": 0,
                    "local_ssd_encryption_mode": "",
                    "logging_variant": "DEFAULT",
                    "machine_type": "e2-small",
                    "max_run_duration": "",
                    "metadata": {
                      "disable-legacy-endpoints": "true"
                    },
                    "min_cpu_platform": "",
                    "node_group": "",
                    "oauth_scopes": [
                      "https://www.googleapis.com/auth/devstorage.read_only",
                      "https://www.googleapis.com/auth/logging.write",
                      "https://www.googleapis.com/auth/monitoring",
                      "https://www.googleapis.com/auth/service.management.readonly",
                      "https://www.googleapis.com/auth/servicecontrol",
                      "https://www.googleapis.com/auth/trace.append"
                    ],
                    "preemptible": false,
                    "reservation_affinity": [
                      {
                        "consume_reservation_type": "NO_RESERVATION",
                        "key": "",
                        "values": []
                      }
                    ],
                    "resource_labels": {
                      "goog-gke-node-pool-provisioning-model": "on-demand"
                    },
                    "resource_manager_tags": {},
                    "secondary_boot_disks": [],
                    "service_account": "default",
                    "shielded_instance_config": [
                      {
                        "enable_integrity_monitoring": true,
                        "enable_secure_boot": true
                      }
                    ],
                    "sole_tenant_config": [],
                    "spot": false,
                    "storage_pools": [],
                    "tags": [],
                    "taint": [],
                    "windows_node_config": [
                      {
                        "osversion": ""
                      }
                    ],
                    "workload_metadata_config": [
                      {
                        "mode": "GKE_METADATA"
                      }
                    ]
                  }
                ],
                "node_count": 0,
                "node_locations": [
                  "europe-west1-b"
                ],
                "placement_policy": [],
                "queued_provisioning": [],
                "upgrade_settings": [
                  {
                    "blue_green_settings": [],
                    "max_surge": 1,
                    "max_unavailable": 0,
                    "strategy": "SURGE"
                  }
                ],
                "version": "1.32.4-gke.1353003"
              },
              {
                "autoscaling": [
                  {
                    "location_policy": "BALANCED",
                    "max_node_count": 1000,
                    "min_node_count": 0,
                    "total_max_node_count": 0,
                    "total_min_node_count": 0
                  }
                ],
                "initial_node_count": 0,
                "instance_group_urls": [],
                "managed_instance_group_urls": [],
                "management": [
                  {
                    "auto_repair": true,
                    "auto_upgrade": true
                  }
                ],
                "max_pods_per_node": 32,
                "name": "pool-1",
                "name_prefix": "",
                "network_config": [
                  {
                    "additional_node_network_configs": [],
                    "additional_pod_network_configs": [],
                    "create_pod_range": false,
                    "enable_private_nodes": true,
                    "network_performance_config": [],
                    "pod_cidr_overprovision_config": [],
                    "pod_ipv4_cidr_block": "10.16.0.0/14",
                    "pod_range": "prod-pods"
                  }
                ],
                "node_config": [
                  {
                    "advanced_machine_features": [],
                    "boot_disk_kms_key": "",
                    "confidential_nodes": [],
                    "containerd_config": [],
                    "disk_size_gb": 100,
                    "disk_type": "pd-balanced",
                    "effective_taints": [],
                    "enable_confidential_storage": false,
                    "ephemeral_storage_local_ssd_config": [],
                    "fast_socket": [],
                    "flex_start": false,
                    "gcfs_config": [],
                    "guest_accelerator": [],
                    "gvnic": [
                      {
                        "enabled": true
                      }
                    ],
                    "host_maintenance_policy": [],
                    "image_type": "COS_CONTAINERD",
                    "kubelet_config": [
                      {
                        "allowed_unsafe_sysctls": [],
                        "container_log_max_files": 0,
                        "container_log_max_size": "",
                        "cpu_cfs_quota": false,
                        "cpu_cfs_quota_period": "",
                        "cpu_manager_policy": "",
                        "image_gc_high_threshold_percent": 0,
                        "image_gc_low_threshold_percent": 0,
                        "image_maximum_gc_age": "",
                        "image_minimum_gc_age": "",
                        "insecure_kubelet_readonly_port_enabled": "FALSE",
                        "pod_pids_limit": 0
                      }
                    ],
                    "labels": {},
                    "linux_node_config": [],
                    "local_nvme_ssd_block_config": [],
                    "local_ssd_count": 0,
                    "local_ssd_encryption_mode": "",
                    "logging_variant": "DEFAULT",
                    "machine_type": "e2-medium",
                    "max_run_duration": "",
                    "metadata": {
                      "disable-legacy-endpoints": "true"
                    },
                    "min_cpu_platform": "",
                    "node_group": "",
                    "oauth_scopes": [
                      "https://www.googleapis.com/auth/devstorage.read_only",
                      "https://www.googleapis.com/auth/logging.write",
                      "https://www.googleapis.com/auth/monitoring",
                      "https://www.googleapis.com/auth/service.management.readonly",
                      "https://www.googleapis.com/auth/servicecontrol",
                      "https://www.googleapis.com/auth/trace.append"
                    ],
                    "preemptible": false,
                    "reservation_affinity": [
                      {
                        "consume_reservation_type": "NO_RESERVATION",
                        "key": "",
                        "values": []
                      }
                    ],
                    "resource_labels": {
                      "goog-gke-node-pool-provisioning-model": "on-demand"
                    },
                    "resource_manager_tags": {},
                    "secondary_boot_disks": [],
                    "service_account": "default",
                    "shielded_instance_config": [
                      {
                        "enable_integrity_monitoring": true,
                        "enable_secure_boot": true
                      }
                    ],
                    "sole_tenant_config": [],
                    "spot": false,
                    "storage_pools": [],
                    "tags": [],
                    "taint": [],
                    "windows_node_config": [
                      {
                        "osversion": ""
                      }
                    ],
                    "workload_metadata_config": [
                      {
                        "mode": "GKE_METADATA"
                      }
                    ]
                  }
                ],
                "node_count": 0,
                "node_locations": [
                  "europe-west1-b",
                  "europe-west1-c",
                  "europe-west1-d"
                ],
                "placement_policy": [],
                "queued_provisioning": [],
                "upgrade_settings": [
                  {
                    "blue_green_settings": [],
                    "max_surge": 1,
                    "max_unavailable": 0,
                    "strategy": "SURGE"
                  }
                ],
                "version": "1.32.4-gke.1353003"
              },
              {
                "autoscaling": [
                  {
                    "location_policy": "BALANCED",
                    "max_node_count": 1000,
                    "min_node_count": 0,
                    "total_max_node_count": 0,
                    "total_min_node_count": 0
                  }
                ],
                "initial_node_count": 0,
                "instance_group_urls": [],
                "managed_instance_group_urls": [],
                "management": [
                  {
                    "auto_repair": true,
                    "auto_upgrade": true
                  }
                ],
                "max_pods_per_node": 32,
                "name": "pool-2",
                "name_prefix": "",
                "network_config": [
                  {
                    "additional_node_network_configs": [],
                    "additional_pod_network_configs": [],
                    "create_pod_range": false,
                    "enable_private_nodes": true,
                    "network_performance_config": [],
                    "pod_cidr_overprovision_config": [],
                    "pod_ipv4_cidr_block": "10.16.0.0/14",
                    "pod_range": "prod-pods"
                  }
                ],
                "node_config": [
                  {
                    "advanced_machine_features": [],
                    "boot_disk_kms_key": "",
                    "confidential_nodes": [],
                    "containerd_config": [],
                    "disk_size_gb": 100,
                    "disk_type": "pd-balanced",
                    "effective_taints": [],
                    "enable_confidential_storage": false,
                    "ephemeral_storage_local_ssd_config": [],
                    "fast_socket": [],
                    "flex_start": false,
                    "gcfs_config": [],
                    "guest_accelerator": [],
                    "gvnic": [
                      {
                        "enabled": true
                      }
                    ],
                    "host_maintenance_policy": [],
                    "image_type": "COS_CONTAINERD",
                    "kubelet_config": [
                      {
                        "allowed_unsafe_sysctls": [],
                        "container_log_max_files": 0,
                        "container_log_max_size": "",
                        "cpu_cfs_quota": false,
                        "cpu_cfs_quota_period": "",
                        "cpu_manager_policy": "",
                        "image_gc_high_threshold_percent": 0,
                        "image_gc_low_threshold_percent": 0,
                        "image_maximum_gc_age": "",
                        "image_minimum_gc_age": "",
                        "insecure_kubelet_readonly_port_enabled": "FALSE",
                        "pod_pids_limit": 0
                      }
                    ],
                    "labels": {},
                    "linux_node_config": [],
                    "local_nvme_ssd_block_config": [],
                    "local_ssd_count": 0,
                    "local_ssd_encryption_mode": "",
                    "logging_variant": "DEFAULT",
                    "machine_type": "e2-standard-2",
                    "max_run_duration": "",
                    "metadata": {
                      "disable-legacy-endpoints": "true"
                    },
                    "min_cpu_platform": "",
                    "node_group": "",
                    "oauth_scopes": [
                      "https://www.googleapis.com/auth/devstorage.read_only",
                      "https://www.googleapis.com/auth/logging.write",
                      "https://www.googleapis.com/auth/monitoring",
                      "https://www.googleapis.com/auth/service.management.readonly",
                      "https://www.googleapis.com/auth/servicecontrol",
                      "https://www.googleapis.com/auth/trace.append"
                    ],
                    "preemptible": false,
                    "reservation_affinity": [
                      {
                        "consume_reservation_type": "NO_RESERVATION",
                        "key": "",
                        "values": []
                      }
                    ],
                    "resource_labels": {
                      "goog-gke-node-pool-provisioning-model": "on-demand"
                    },
                    "resource_manager_tags": {},
                    "secondary_boot_disks": [],
                    "service_account": "default",
                    "shielded_instance_config": [
                      {
                        "enable_integrity_monitoring": true,
                        "enable_secure_boot": true
                      }
                    ],
                    "sole_tenant_config": [],
                    "spot": false,
                    "storage_pools": [],
                    "tags": [],
                    "taint": [],
                    "windows_node_config": [
                      {
                        "osversion": ""
                      }
                    ],
                    "workload_metadata_config": [
                      {
                        "mode": "GKE_METADATA"
                      }
                    ]
                  }
                ],
                "node_count": 0,
                "node_locations": [
                  "europe-west1-b",
                  "europe-west1-c",
                  "europe-west1-d"
                ],
                "placement_policy": [],
                "queued_provisioning": [],
                "upgrade_settings": [
                  {
                    "blue_green_settings": [],
                    "max_surge": 1,
                    "max_unavailable": 0,
                    "strategy": "SURGE"
                  }
                ],
                "version": "1.32.4-gke.1353003"
              },
              {
                "autoscaling": [
                  {
                    "location_policy": "BALANCED",
                    "max_node_count": 1000,
                    "min_node_count": 0,
                    "total_max_node_count": 0,
                    "total_min_node_count": 0
                  }
                ],
                "initial_node_count": 0,
                "instance_group_urls": [],
                "managed_instance_group_urls": [],
                "management": [
                  {
                    "auto_repair": true,
                    "auto_upgrade": true
                  }
                ],
                "max_pods_per_node": 32,
                "name": "pool-3",
                "name_prefix": "",
                "network_config": [
                  {
                    "additional_node_network_configs": [],
                    "additional_pod_network_configs": [],
                    "create_pod_range": false,
                    "enable_private_nodes": true,
                    "network_performance_config": [],
                    "pod_cidr_overprovision_config": [],
                    "pod_ipv4_cidr_block": "10.16.0.0/14",
                    "pod_range": "prod-pods"
                  }
                ],
                "node_config": [
                  {
                    "advanced_machine_features": [],
                    "boot_disk_kms_key": "",
                    "confidential_nodes": [],
                    "containerd_config": [],
                    "disk_size_gb": 100,
                    "disk_type": "pd-balanced",
                    "effective_taints": [],
                    "enable_confidential_storage": false,
                    "ephemeral_storage_local_ssd_config": [],
                    "fast_socket": [],
                    "flex_start": false,
                    "gcfs_config": [],
                    "guest_accelerator": [],
                    "gvnic": [
                      {
                        "enabled": true
                      }
                    ],
                    "host_maintenance_policy": [],
                    "image_type": "COS_CONTAINERD",
                    "kubelet_config": [
                      {
                        "allowed_unsafe_sysctls": [],
                        "container_log_max_files": 0,
                        "container_log_max_size": "",
                        "cpu_cfs_quota": false,
                        "cpu_cfs_quota_period": "",
                        "cpu_manager_policy": "",
                        "image_gc_high_threshold_percent": 0,
                        "image_gc_low_threshold_percent": 0,
                        "image_maximum_gc_age": "",
                        "image_minimum_gc_age": "",
                        "insecure_kubelet_readonly_port_enabled": "FALSE",
                        "pod_pids_limit": 0
                      }
                    ],
                    "labels": {},
                    "linux_node_config": [],
                    "local_nvme_ssd_block_config": [],
                    "local_ssd_count": 0,
                    "local_ssd_encryption_mode": "",
                    "logging_variant": "DEFAULT",
                    "machine_type": "e2-standard-4",
                    "max_run_duration": "",
                    "metadata": {
                      "disable-legacy-endpoints": "true"
                    },
                    "min_cpu_platform": "",
                    "node_group": "",
                    "oauth_scopes": [
                      "https://www.googleapis.com/auth/devstorage.read_only",
                      "https://www.googleapis.com/auth/logging.write",
                      "https://www.googleapis.com/auth/monitoring",
                      "https://www.googleapis.com/auth/service.management.readonly",
                      "https://www.googleapis.com/auth/servicecontrol",
                      "https://www.googleapis.com/auth/trace.append"
                    ],
                    "preemptible": false,
                    "reservation_affinity": [
                      {
                        "consume_reservation_type": "NO_RESERVATION",
                        "key": "",
                        "values": []
                      }
                    ],
                    "resource_labels": {
                      "goog-gke-node-pool-provisioning-model": "on-demand"
                    },
                    "resource_manager_tags": {},
                    "secondary_boot_disks": [],
                    "service_account": "default",
                    "shielded_instance_config": [
                      {
                        "enable_integrity_monitoring": true,
                        "enable_secure_boot": true
                      }
                    ],
                    "sole_tenant_config": [],
                    "spot": false,
                    "storage_pools": [],
                    "tags": [],
                    "taint": [],
                    "windows_node_config": [
                      {
                        "osversion": ""
                      }
                    ],
                    "workload_metadata_config": [
                      {
                        "mode": "GKE_METADATA"
                      }
                    ]
                  }
                ],
                "node_count": 0,
                "node_locations": [
                  "europe-west1-b",
                  "europe-west1-c",
                  "europe-west1-d"
                ],
                "placement_policy": [],
                "queued_provisioning": [],
                "upgrade_settings": [
                  {
                    "blue_green_settings": [],
                    "max_surge": 1,
                    "max_unavailable": 0,
                    "strategy": "SURGE"
                  }
                ],
                "version": "1.32.4-gke.1353003"
              },
              {
                "autoscaling": [
                  {
                    "location_policy": "BALANCED",
                    "max_node_count": 1000,
                    "min_node_count": 0,
                    "total_max_node_count": 0,
                    "total_min_node_count": 0
                  }
                ],
                "initial_node_count": 0,
                "instance_group_urls": [],
                "managed_instance_group_urls": [],
                "management": [
                  {
                    "auto_repair": true,
                    "auto_upgrade": true
                  }
                ],
                "max_pods_per_node": 32,
                "name": "pool-4",
                "name_prefix": "",
                "network_config": [
                  {
                    "additional_node_network_configs": [],
                    "additional_pod_network_configs": [],
                    "create_pod_range": false,
                    "enable_private_nodes": true,
                    "network_performance_config": [],
                    "pod_cidr_overprovision_config": [],
                    "pod_ipv4_cidr_block": "10.16.0.0/14",
                    "pod_range": "prod-pods"
                  }
                ],
                "node_config": [
                  {
                    "advanced_machine_features": [],
                    "boot_disk_kms_key": "",
                    "confidential_nodes": [],
                    "containerd_config": [],
                    "disk_size_gb": 100,
                    "disk_type": "pd-balanced",
                    "effective_taints": [],
                    "enable_confidential_storage": false,
                    "ephemeral_storage_local_ssd_config": [],
                    "fast_socket": [],
                    "flex_start": false,
                    "gcfs_config": [],
                    "guest_accelerator": [],
                    "gvnic": [
                      {
                        "enabled": true
                      }
                    ],
                    "host_maintenance_policy": [],
                    "image_type": "COS_CONTAINERD",
                    "kubelet_config": [
                      {
                        "allowed_unsafe_sysctls": [],
                        "container_log_max_files": 0,
                        "container_log_max_size": "",
                        "cpu_cfs_quota": false,
                        "cpu_cfs_quota_period": "",
                        "cpu_manager_policy": "",
                        "image_gc_high_threshold_percent": 0,
                        "image_gc_low_threshold_percent": 0,
                        "image_maximum_gc_age": "",
                        "image_minimum_gc_age": "",
                        "insecure_kubelet_readonly_port_enabled": "FALSE",
                        "pod_pids_limit": 0
                      }
                    ],
                    "labels": {},
                    "linux_node_config": [],
                    "local_nvme_ssd_block_config": [],
                    "local_ssd_count": 0,
                    "local_ssd_encryption_mode": "",
                    "logging_variant": "DEFAULT",
                    "machine_type": "e2-standard-8",
                    "max_run_duration": "",
                    "metadata": {
                      "disable-legacy-endpoints": "true"
                    },
                    "min_cpu_platform": "",
                    "node_group": "",
                    "oauth_scopes": [
                      "https://www.googleapis.com/auth/devstorage.read_only",
                      "https://www.googleapis.com/auth/logging.write",
                      "https://www.googleapis.com/auth/monitoring",
                      "https://www.googleapis.com/auth/service.management.readonly",
                      "https://www.googleapis.com/auth/servicecontrol",
                      "https://www.googleapis.com/auth/trace.append"
                    ],
                    "preemptible": false,
                    "reservation_affinity": [
                      {
                        "consume_reservation_type": "NO_RESERVATION",
                        "key": "",
                        "values": []
                      }
                    ],
                    "resource_labels": {
                      "goog-gke-node-pool-provisioning-model": "on-demand"
                    },
                    "resource_manager_tags": {},
                    "secondary_boot_disks": [],
                    "service_account": "default",
                    "shielded_instance_config": [
                      {
                        "enable_integrity_monitoring": true,
                        "enable_secure_boot": true
                      }
                    ],
                    "sole_tenant_config": [],
                    "spot": false,
                    "storage_pools": [],
                    "tags": [],
                    "taint": [],
                    "windows_node_config": [
                      {
                        "osversion": ""
                      }
                    ],
                    "workload_metadata_config": [
                      {
                        "mode": "GKE_METADATA"
                      }
                    ]
                  }
                ],
                "node_count": 0,
                "node_locations": [
                  "europe-west1-b",
                  "europe-west1-c",
                  "europe-west1-d"
                ],
                "placement_policy": [],
                "queued_provisioning": [],
                "upgrade_settings": [
                  {
                    "blue_green_settings": [],
                    "max_surge": 1,
                    "max_unavailable": 0,
                    "strategy": "SURGE"
                  }
                ],
                "version": "1.32.4-gke.1353003"
              },
              {
                "autoscaling": [
                  {
                    "location_policy": "BALANCED",
                    "max_node_count": 1000,
                    "min_node_count": 0,
                    "total_max_node_count": 0,
                    "total_min_node_count": 0
                  }
                ],
                "initial_node_count": 0,
                "instance_group_urls": [],
                "managed_instance_group_urls": [],
                "management": [
                  {
                    "auto_repair": true,
                    "auto_upgrade": true
                  }
                ],
                "max_pods_per_node": 32,
                "name": "pool-5",
                "name_prefix": "",
                "network_config": [
                  {
                    "additional_node_network_configs": [],
                    "additional_pod_network_configs": [],
                    "create_pod_range": false,
                    "enable_private_nodes": true,
                    "network_performance_config": [],
                    "pod_cidr_overprovision_config": [],
                    "pod_ipv4_cidr_block": "10.16.0.0/14",
                    "pod_range": "prod-pods"
                  }
                ],
                "node_config": [
                  {
                    "advanced_machine_features": [],
                    "boot_disk_kms_key": "",
                    "confidential_nodes": [],
                    "containerd_config": [],
                    "disk_size_gb": 100,
                    "disk_type": "pd-balanced",
                    "effective_taints": [],
                    "enable_confidential_storage": false,
                    "ephemeral_storage_local_ssd_config": [],
                    "fast_socket": [],
                    "flex_start": false,
                    "gcfs_config": [],
                    "guest_accelerator": [],
                    "gvnic": [
                      {
                        "enabled": true
                      }
                    ],
                    "host_maintenance_policy": [],
                    "image_type": "COS_CONTAINERD",
                    "kubelet_config": [
                      {
                        "allowed_unsafe_sysctls": [],
                        "container_log_max_files": 0,
                        "container_log_max_size": "",
                        "cpu_cfs_quota": false,
                        "cpu_cfs_quota_period": "",
                        "cpu_manager_policy": "",
                        "image_gc_high_threshold_percent": 0,
                        "image_gc_low_threshold_percent": 0,
                        "image_maximum_gc_age": "",
                        "image_minimum_gc_age": "",
                        "insecure_kubelet_readonly_port_enabled": "FALSE",
                        "pod_pids_limit": 0
                      }
                    ],
                    "labels": {},
                    "linux_node_config": [],
                    "local_nvme_ssd_block_config": [],
                    "local_ssd_count": 0,
                    "local_ssd_encryption_mode": "",
                    "logging_variant": "DEFAULT",
                    "machine_type": "e2-standard-16",
                    "max_run_duration": "",
                    "metadata": {
                      "disable-legacy-endpoints": "true"
                    },
                    "min_cpu_platform": "",
                    "node_group": "",
                    "oauth_scopes": [
                      "https://www.googleapis.com/auth/devstorage.read_only",
                      "https://www.googleapis.com/auth/logging.write",
                      "https://www.googleapis.com/auth/monitoring",
                      "https://www.googleapis.com/auth/service.management.readonly",
                      "https://www.googleapis.com/auth/servicecontrol",
                      "https://www.googleapis.com/auth/trace.append"
                    ],
                    "preemptible": false,
                    "reservation_affinity": [
                      {
                        "consume_reservation_type": "NO_RESERVATION",
                        "key": "",
                        "values": []
                      }
                    ],
                    "resource_labels": {
                      "goog-gke-node-pool-provisioning-model": "on-demand"
                    },
                    "resource_manager_tags": {},
                    "secondary_boot_disks": [],
                    "service_account": "default",
                    "shielded_instance_config": [
                      {
                        "enable_integrity_monitoring": true,
                        "enable_secure_boot": true
                      }
                    ],
                    "sole_tenant_config": [],
                    "spot": false,
                    "storage_pools": [],
                    "tags": [],
                    "taint": [],
                    "windows_node_config": [
                      {
                        "osversion": ""
                      }
                    ],
                    "workload_metadata_config": [
                      {
                        "mode": "GKE_METADATA"
                      }
                    ]
                  }
                ],
                "node_count": 0,
                "node_locations": [
                  "europe-west1-b",
                  "europe-west1-c",
                  "europe-west1-d"
                ],
                "placement_policy": [],
                "queued_provisioning": [],
                "upgrade_settings": [
                  {
                    "blue_green_settings": [],
                    "max_surge": 1,
                    "max_unavailable": 0,
                    "strategy": "SURGE"
                  }
                ],
                "version": "1.32.4-gke.1353003"
              },
              {
                "autoscaling": [
                  {
                    "location_policy": "BALANCED",
                    "max_node_count": 1000,
                    "min_node_count": 0,
                    "total_max_node_count": 0,
                    "total_min_node_count": 0
                  }
                ],
                "initial_node_count": 0,
                "instance_group_urls": [],
                "managed_instance_group_urls": [],
                "management": [
                  {
                    "auto_repair": true,
                    "auto_upgrade": true
                  }
                ],
                "max_pods_per_node": 32,
                "name": "pool-6",
                "name_prefix": "",
                "network_config": [
                  {
                    "additional_node_network_configs": [],
                    "additional_pod_network_configs": [],
                    "create_pod_range": false,
                    "enable_private_nodes": true,
                    "network_performance_config": [],
                    "pod_cidr_overprovision_config": [],
                    "pod_ipv4_cidr_block": "10.16.0.0/14",
                    "pod_range": "prod-pods"
                  }
                ],
                "node_config": [
                  {
                    "advanced_machine_features": [],
                    "boot_disk_kms_key": "",
                    "confidential_nodes": [],
                    "containerd_config": [],
                    "disk_size_gb": 100,
                    "disk_type": "pd-balanced",
                    "effective_taints": [],
                    "enable_confidential_storage": false,
                    "ephemeral_storage_local_ssd_config": [],
                    "fast_socket": [],
                    "flex_start": false,
                    "gcfs_config": [],
                    "guest_accelerator": [],
                    "gvnic": [
                      {
                        "enabled": true
                      }
                    ],
                    "host_maintenance_policy": [],
                    "image_type": "COS_CONTAINERD",
                    "kubelet_config": [
                      {
                        "allowed_unsafe_sysctls": [],
                        "container_log_max_files": 0,
                        "container_log_max_size": "",
                        "cpu_cfs_quota": false,
                        "cpu_cfs_quota_period": "",
                        "cpu_manager_policy": "",
                        "image_gc_high_threshold_percent": 0,
                        "image_gc_low_threshold_percent": 0,
                        "image_maximum_gc_age": "",
                        "image_minimum_gc_age": "",
                        "insecure_kubelet_readonly_port_enabled": "FALSE",
                        "pod_pids_limit": 0
                      }
                    ],
                    "labels": {},
                    "linux_node_config": [],
                    "local_nvme_ssd_block_config": [],
                    "local_ssd_count": 0,
                    "local_ssd_encryption_mode": "",
                    "logging_variant": "DEFAULT",
                    "machine_type": "e2-standard-32",
                    "max_run_duration": "",
                    "metadata": {
                      "disable-legacy-endpoints": "true"
                    },
                    "min_cpu_platform": "",
                    "node_group": "",
                    "oauth_scopes": [
                      "https://www.googleapis.com/auth/devstorage.read_only",
                      "https://www.googleapis.com/auth/logging.write",
                      "https://www.googleapis.com/auth/monitoring",
                      "https://www.googleapis.com/auth/service.management.readonly",
                      "https://www.googleapis.com/auth/servicecontrol",
                      "https://www.googleapis.com/auth/trace.append"
                    ],
                    "preemptible": false,
                    "reservation_affinity": [
                      {
                        "consume_reservation_type": "NO_RESERVATION",
                        "key": "",
                        "values": []
                      }
                    ],
                    "resource_labels": {
                      "goog-gke-node-pool-provisioning-model": "on-demand"
                    },
                    "resource_manager_tags": {},
                    "secondary_boot_disks": [],
                    "service_account": "default",
                    "shielded_instance_config": [
                      {
                        "enable_integrity_monitoring": true,
                        "enable_secure_boot": true
                      }
                    ],
                    "sole_tenant_config": [],
                    "spot": false,
                    "storage_pools": [],
                    "tags": [],
                    "taint": [],
                    "windows_node_config": [
                      {
                        "osversion": ""
                      }
                    ],
                    "workload_metadata_config": [
                      {
                        "mode": "GKE_METADATA"
                      }
                    ]
                  }
                ],
                "node_count": 0,
                "node_locations": [
                  "europe-west1-b",
                  "europe-west1-c",
                  "europe-west1-d"
                ],
                "placement_policy": [],
                "queued_provisioning": [],
                "upgrade_settings": [
                  {
                    "blue_green_settings": [],
                    "max_surge": 1,
                    "max_unavailable": 0,
                    "strategy": "SURGE"
                  }
                ],
                "version": "1.32.4-gke.1353003"
              }
            ],
            "node_pool_auto_config": [
              {
                "linux_node_config": [],
                "network_tags": [],
                "node_kubelet_config": [
                  {
                    "insecure_kubelet_readonly_port_enabled": "FALSE"
                  }
                ],
                "resource_manager_tags": {}
              }
            ],
            "node_pool_defaults": [
              {
                "node_config_defaults": [
                  {
                    "containerd_config": [],
                    "gcfs_config": [
                      {
                        "enabled": true
                      }
                    ],
                    "insecure_kubelet_readonly_port_enabled": "FALSE",
                    "logging_variant": "DEFAULT"
                  }
                ]
              }
            ],
            "node_version": "1.32.4-gke.1353003",
            "notification_config": [
              {
                "pubsub": [
                  {
                    "enabled": false,
                    "filter": [],
                    "topic": ""
                  }
                ]
              }
            ],
            "operation": null,
            "pod_autoscaling": [
              {
                "hpa_profile": "PERFORMANCE"
              }
            ],
            "private_cluster_config": [
              {
                "enable_private_endpoint": true,
                "enable_private_nodes": true,
                "master_global_access_config": [
                  {
                    "enabled": false
                  }
                ],
                "master_ipv4_cidr_block": "172.16.0.0/28",
                "peering_name": "",
                "private_endpoint": "172.16.0.2",
                "private_endpoint_subnetwork": "projects/u2i-gke-network/regions/europe-west1/subnetworks/gke-prod-autopilot-2f328739-pe-subnet",
                "public_endpoint": ""
              }
            ],
            "private_ipv6_google_access": "",
            "project": "u2i-gke-prod",
            "release_channel": [
              {
                "channel": "REGULAR"
              }
            ],
            "remove_default_node_pool": null,
            "resource_labels": {
              "compliance_framework": "iso27001-soc2-gdpr",
              "data_residency": "eu",
              "environment": "production",
              "gdpr_compliant": "true",
              "goog-terraform-provisioned": "true",
              "region": "belgium"
            },
            "resource_usage_export_config": [],
            "secret_manager_config": [
              {
                "enabled": false
              }
            ],
            "security_posture_config": [
              {
                "mode": "BASIC",
                "vulnerability_mode": "VULNERABILITY_MODE_UNSPECIFIED"
              }
            ],
            "self_link": "https://container.googleapis.com/v1/projects/u2i-gke-prod/locations/europe-west1/clusters/prod-autopilot",
            "service_external_ips_config": [
              {
                "enabled": false
              }
            ],
            "services_ipv4_cidr": "10.20.0.0/16",
            "subnetwork": "projects/u2i-gke-network/regions/europe-west1/subnetworks/gke-prod-subnet",
            "terraform_labels": {
              "compliance_framework": "iso27001-soc2-gdpr",
              "data_residency": "eu",
              "environment": "production",
              "gdpr_compliant": "true",
              "goog-terraform-provisioned": "true",
              "region": "belgium"
            },
            "tpu_ipv4_cidr_block": "",
            "user_managed_keys_config": [],
            "vertical_pod_autoscaling": [
              {
                "enabled": true
              }
            ],
            "workload_identity_config": [
              {
                "workload_pool": "u2i-gke-prod.svc.id.goog"
              }
            ]
          },
          "sensitive_attributes": []
        }
      ]
    },
    {
      "mode": "data",
      "type": "terraform_remote_state",
      "name": "organization",
      "provider": "provider[\"terraform.io/builtin/terraform\"]",
      "instances": [
        {
          "schema_version": 0,
          "attributes": {
            "backend": "gcs",
            "config": {
              "value": {
                "bucket": "u2i-tfstate",
                "prefix": "organization"
              },
              "type": [
                "object",
                {
                  "bucket": "string",
                  "prefix": "string"
                }
              ]
            },
            "defaults": null,
            "outputs": {
              "value": {
                "folder_structure": {
                  "compliant": "folders/914995929705",
                  "legacy": "folders/933345237861",
                  "migration": "folders/1003490002560"
                },
                "github_actions_setup": {
                  "organization_sa": "terraform-organization@u2i-bootstrap.iam.gserviceaccount.com",
                  "repository": "u2i/gcp-org-compliance",
                  "security_sa": "terraform-security@u2i-bootstrap.iam.gserviceaccount.com",
                  "webapp_team_sa": "terraform-webapp-team@u2i-bootstrap.iam.gserviceaccount.com",
                  "workload_identity_provider": "projects/1011595625694/locations/global/workloadIdentityPools/github-actions/providers/github"
                },
                "migration_instructions": "Next Steps:\n1. Move all existing projects to legacy folder: folders/933345237861\n   Run: ./scripts/move-projects-to-legacy.sh folders/933345237861\n    \n2. Assess each project for compliance:\n   Run: ./scripts/assess-project-compliance.sh PROJECT_ID\n    \n3. Create migration plan for each project\n    \n4. Move projects through migration folder as they're updated\n",
                "terraform_organization_sa": "terraform-organization@u2i-bootstrap.iam.gserviceaccount.com",
                "terraform_security_sa": "terraform-security@u2i-bootstrap.iam.gserviceaccount.com",
                "terraform_webapp_team_sa": "terraform-webapp-team@u2i-bootstrap.iam.gserviceaccount.com",
                "workload_identity_provider": "projects/1011595625694/locations/global/workloadIdentityPools/github-actions/providers/github"
              },
              "type": [
                "object",
                {
                  "folder_structure": [
                    "object",
                    {
                      "compliant": "string",
                      "legacy": "string",
                      "migration": "string"
                    }
                  ],
                  "github_actions_setup": [
                    "object",
                    {
                      "organization_sa": "string",
                      "repository": "string",
                      "security_sa": "string",
                      "webapp_team_sa": "string",
                      "workload_identity_provider": "string"
                    }
                  ],
                  "migration_instructions": "string",
                  "terraform_organization_sa": "string",
                  "terraform_security_sa": "string",
                  "terraform_webapp_team_sa": "string",
                  "workload_identity_provider": "string"
                }
              ]
            },
            "workspace": null
          },
          "sensitive_attributes": []
        }
      ]
    },
    {
      "mode": "data",
      "type": "terraform_remote_state",
      "name": "shared_gke",
      "provider": "provider[\"terraform.io/builtin/terraform\"]",
      "instances": [
        {
          "schema_version": 0,
          "attributes": {
            "backend": "gcs",
            "config": {
              "value": {
                "bucket": "u2i-tfstate",
                "prefix": "shared-gke"
              },
              "type": [
                "object",
                {
                  "bucket": "string",
                  "prefix": "string"
                }
              ]
            },
            "defaults": null,
            "outputs": {
              "value": {
                "deployment_summary": {
                  "autopilot_enabled": true,
                  "clusters_deployed": 2,
                  "compliance_frameworks": [
                    "ISO 27001",
                    "SOC 2 Type II",
                    "GDPR"
                  ],
                  "data_residency": "EU",
                  "next_steps": [
                    "1. Verify cluster connectivity",
                    "2. Set up tenant namespaces",
                    "3. Configure monitoring and compliance",
                    "4. Deploy tenant applications"
                  ],
                  "private_clusters": true,
                  "region": "europe-west1"
                },
                "gke_clusters": {
                  "non_production": {
                    "cluster_name": "nonprod-autopilot",
                    "connect_command": "gcloud container clusters get-credentials nonprod-autopilot --location=europe-west1 --project=u2i-gke-nonprod",
                    "endpoint": "35.240.7.141",
                    "location": "europe-west1",
                    "project_id": "u2i-gke-nonprod"
                  },
                  "production": {
                    "cluster_name": "prod-autopilot",
                    "connect_command": "gcloud container clusters get-credentials prod-autopilot --location=europe-west1 --project=u2i-gke-prod",
                    "endpoint": "172.16.0.2",
                    "location": "europe-west1",
                    "project_id": "u2i-gke-prod"
                  }
                },
                "network_info": {
                  "nonprod_subnet": "gke-nonprod-subnet",
                  "prod_subnet": "gke-prod-subnet",
                  "region": "europe-west1",
                  "vpc_name": "gke-shared-vpc",
                  "vpc_project": "u2i-gke-network"
                },
                "projects_created": {
                  "u2i-gke-network": {
                    "number": "883373822272",
                    "project_id": "u2i-gke-network"
                  },
                  "u2i-gke-nonprod": {
                    "number": "245301026000",
                    "project_id": "u2i-gke-nonprod"
                  },
                  "u2i-gke-prod": {
                    "number": "382936717628",
                    "project_id": "u2i-gke-prod"
                  }
                }
              },
              "type": [
                "object",
                {
                  "deployment_summary": [
                    "object",
                    {
                      "autopilot_enabled": "bool",
                      "clusters_deployed": "number",
                      "compliance_frameworks": [
                        "tuple",
                        [
                          "string",
                          "string",
                          "string"
                        ]
                      ],
                      "data_residency": "string",
                      "next_steps": [
                        "tuple",
                        [
                          "string",
                          "string",
                          "string",
                          "string"
                        ]
                      ],
                      "private_clusters": "bool",
                      "region": "string"
                    }
                  ],
                  "gke_clusters": [
                    "object",
                    {
                      "non_production": [
                        "object",
                        {
                          "cluster_name": "string",
                          "connect_command": "string",
                          "endpoint": "string",
                          "location": "string",
                          "project_id": "string"
                        }
                      ],
                      "production": [
                        "object",
                        {
                          "cluster_name": "string",
                          "connect_command": "string",
                          "endpoint": "string",
                          "location": "string",
                          "project_id": "string"
                        }
                      ]
                    }
                  ],
                  "network_info": [
                    "object",
                    {
                      "nonprod_subnet": "string",
                      "prod_subnet": "string",
                      "region": "string",
                      "vpc_name": "string",
                      "vpc_project": "string"
                    }
                  ],
                  "projects_created": [
                    "object",
                    {
                      "u2i-gke-network": [
                        "object",
                        {
                          "number": "string",
                          "project_id": "string"
                        }
                      ],
                      "u2i-gke-nonprod": [
                        "object",
                        {
                          "number": "string",
                          "project_id": "string"
                        }
                      ],
                      "u2i-gke-prod": [
                        "object",
                        {
                          "number": "string",
                          "project_id": "string"
                        }
                      ]
                    }
                  ]
                }
              ]
            },
            "workspace": null
          },
          "sensitive_attributes": []
        }
      ]
    },
    {
      "mode": "managed",
      "type": "google_artifact_registry_repository",
      "name": "webapp_images",
      "provider": "provider[\"registry.terraform.io/hashicorp/google\"]",
      "instances": [
        {
          "schema_version": 0,
          "attributes": {
            "cleanup_policies": [],
            "cleanup_policy_dry_run": false,
            "create_time": "2025-06-16T17:40:42.506843Z",
            "description": "Container images for webapp tenant",
            "docker_config": [],
            "effective_labels": {
              "compliance": "iso27001-soc2-gdpr",
              "data_residency": "eu",
              "environment": "multi-environment",
              "gdpr_compliant": "true",
              "goog-terraform-provisioned": "true"
            },
            "format": "DOCKER",
            "id": "projects/u2i-tenant-webapp/locations/europe-west1/repositories/webapp-images",
            "kms_key_name": "",
            "labels": {
              "compliance": "iso27001-soc2-gdpr",
              "data_residency": "eu",
              "environment": "multi-environment",
              "gdpr_compliant": "true"
            },
            "location": "europe-west1",
            "maven_config": [],
            "mode": "STANDARD_REPOSITORY",
            "name": "webapp-images",
            "project": "u2i-tenant-webapp",
            "remote_repository_config": [],
            "repository_id": "webapp-images",
            "terraform_labels": {
              "compliance": "iso27001-soc2-gdpr",
              "data_residency": "eu",
              "environment": "multi-environment",
              "gdpr_compliant": "true",
              "goog-terraform-provisioned": "true"
            },
            "timeouts": null,
            "update_time": "2025-06-16T17:51:52.155679Z",
            "virtual_repository_config": [],
            "vulnerability_scanning_config": [
              {
                "enablement_config": "",
                "enablement_state": "SCANNING_DISABLED",
                "enablement_state_reason": "API containerscanning.googleapis.com is not enabled."
              }
            ]
          },
          "sensitive_attributes": [],
          "private": "eyJlMmJmYjczMC1lY2FhLTExZTYtOGY4OC0zNDM2M2JjN2M0YzAiOnsiY3JlYXRlIjoxMjAwMDAwMDAwMDAwLCJkZWxldGUiOjEyMDAwMDAwMDAwMDAsInVwZGF0ZSI6MTIwMDAwMDAwMDAwMH19",
          "dependencies": [
            "data.terraform_remote_state.organization",
            "google_project.tenant_app",
            "google_project_service.tenant_apis"
          ]
        }
      ]
    },
    {
      "mode": "managed",
      "type": "google_iam_workload_identity_pool",
      "name": "github",
      "provider": "provider[\"registry.terraform.io/hashicorp/google\"]",
      "instances": [
        {
          "schema_version": 0,
          "attributes": {
            "description": "Identity pool for GitHub Actions CI/CD - WebApp Team",
            "disabled": false,
            "display_name": "WebApp GitHub Actions Pool",
            "id": "projects/u2i-tenant-webapp/locations/global/workloadIdentityPools/webapp-github-pool",
            "name": "projects/310843575960/locations/global/workloadIdentityPools/webapp-github-pool",
            "project": "u2i-tenant-webapp",
            "state": "ACTIVE",
            "timeouts": null,
            "workload_identity_pool_id": "webapp-github-pool"
          },
          "sensitive_attributes": [],
          "private": "eyJlMmJmYjczMC1lY2FhLTExZTYtOGY4OC0zNDM2M2JjN2M0YzAiOnsiY3JlYXRlIjoxMjAwMDAwMDAwMDAwLCJkZWxldGUiOjEyMDAwMDAwMDAwMDAsInVwZGF0ZSI6MTIwMDAwMDAwMDAwMH19",
          "dependencies": [
            "data.terraform_remote_state.organization",
            "google_project.tenant_app",
            "google_project_service.tenant_apis"
          ]
        }
      ]
    },
    {
      "mode": "managed",
      "type": "google_iam_workload_identity_pool_provider",
      "name": "github",
      "provider": "provider[\"registry.terraform.io/hashicorp/google\"]",
      "instances": [
        {
          "schema_version": 0,
          "attributes": {
            "attribute_condition": "assertion.repository == 'u2i/webapp-team-infrastructure'",
            "attribute_mapping": {
              "attribute.ref": "assertion.ref",
              "attribute.repository": "assertion.repository",
              "attribute.repository_owner": "assertion.repository_owner",
              "google.subject": "assertion.sub"
            },
            "aws": [],
            "description": "GitHub OIDC provider for webapp-team-infrastructure repo",
            "disabled": false,
            "display_name": "GitHub Provider",
            "id": "projects/u2i-tenant-webapp/locations/global/workloadIdentityPools/webapp-github-pool/providers/github",
            "name": "projects/310843575960/locations/global/workloadIdentityPools/webapp-github-pool/providers/github",
            "oidc": [
              {
                "allowed_audiences": [],
                "issuer_uri": "https://token.actions.githubusercontent.com",
                "jwks_json": ""
              }
            ],
            "project": "u2i-tenant-webapp",
            "saml": [],
            "state": "ACTIVE",
            "timeouts": null,
            "workload_identity_pool_id": "webapp-github-pool",
            "workload_identity_pool_provider_id": "github",
            "x509": []
          },
          "sensitive_attributes": [],
          "private": "eyJlMmJmYjczMC1lY2FhLTExZTYtOGY4OC0zNDM2M2JjN2M0YzAiOnsiY3JlYXRlIjoxMjAwMDAwMDAwMDAwLCJkZWxldGUiOjEyMDAwMDAwMDAwMDAsInVwZGF0ZSI6MTIwMDAwMDAwMDAwMH19",
          "dependencies": [
            "data.terraform_remote_state.organization",
            "google_iam_workload_identity_pool.github",
            "google_project.tenant_app",
            "google_project_service.tenant_apis"
          ]
        }
      ]
    },
    {
      "mode": "managed",
      "type": "google_project",
      "name": "tenant_app",
      "provider": "provider[\"registry.terraform.io/hashicorp/google\"]",
      "instances": [
        {
          "schema_version": 1,
          "attributes": {
            "auto_create_network": true,
            "billing_account": "01AA86-A09BB4-30E84E",
            "deletion_policy": "PREVENT",
            "effective_labels": {
              "compliance": "iso27001-soc2-gdpr",
              "data_residency": "eu",
              "environment": "multi-environment",
              "gdpr_compliant": "true",
              "goog-terraform-provisioned": "true",
              "purpose": "tenant-application",
              "region": "belgium",
              "tenant": "webapp-team"
            },
            "folder_id": "914995929705",
            "id": "projects/u2i-tenant-webapp",
            "labels": {
              "compliance": "iso27001-soc2-gdpr",
              "data_residency": "eu",
              "environment": "multi-environment",
              "gdpr_compliant": "true",
              "purpose": "tenant-application",
              "region": "belgium",
              "tenant": "webapp-team"
            },
            "name": "u2i-tenant-webapp",
            "number": "310843575960",
            "org_id": "",
            "project_id": "u2i-tenant-webapp",
            "tags": null,
            "terraform_labels": {
              "compliance": "iso27001-soc2-gdpr",
              "data_residency": "eu",
              "environment": "multi-environment",
              "gdpr_compliant": "true",
              "goog-terraform-provisioned": "true",
              "purpose": "tenant-application",
              "region": "belgium",
              "tenant": "webapp-team"
            },
            "timeouts": null
          },
          "sensitive_attributes": [],
          "private": "eyJlMmJmYjczMC1lY2FhLTExZTYtOGY4OC0zNDM2M2JjN2M0YzAiOnsiY3JlYXRlIjo2MDAwMDAwMDAwMDAsImRlbGV0ZSI6NjAwMDAwMDAwMDAwLCJyZWFkIjo2MDAwMDAwMDAwMDAsInVwZGF0ZSI6NjAwMDAwMDAwMDAwfSwic2NoZW1hX3ZlcnNpb24iOiIxIn0=",
          "dependencies": [
            "data.terraform_remote_state.organization"
          ]
        }
      ]
    },
    {
      "mode": "managed",
      "type": "google_project_iam_member",
      "name": "cloud_deploy_nonprod_access",
      "provider": "provider[\"registry.terraform.io/hashicorp/google\"]",
      "instances": [
        {
          "schema_version": 0,
          "attributes": {
            "condition": [],
            "etag": "BwY3y5TsUwI=",
            "id": "u2i-gke-nonprod/roles/container.developer/serviceAccount:cloud-deploy-sa@u2i-tenant-webapp.iam.gserviceaccount.com",
            "member": "serviceAccount:cloud-deploy-sa@u2i-tenant-webapp.iam.gserviceaccount.com",
            "project": "u2i-gke-nonprod",
            "role": "roles/container.developer"
          },
          "sensitive_attributes": [],
          "private": "bnVsbA==",
          "dependencies": [
            "data.terraform_remote_state.organization",
            "data.terraform_remote_state.shared_gke",
            "google_project.tenant_app",
            "google_service_account.cloud_deploy_sa"
          ]
        }
      ]
    },
    {
      "mode": "managed",
      "type": "google_project_iam_member",
      "name": "cloud_deploy_prod_access",
      "provider": "provider[\"registry.terraform.io/hashicorp/google\"]",
      "instances": [
        {
          "schema_version": 0,
          "attributes": {
            "condition": [],
            "etag": "BwY3y5Tp9so=",
            "id": "u2i-gke-prod/roles/container.developer/serviceAccount:cloud-deploy-sa@u2i-tenant-webapp.iam.gserviceaccount.com",
            "member": "serviceAccount:cloud-deploy-sa@u2i-tenant-webapp.iam.gserviceaccount.com",
            "project": "u2i-gke-prod",
            "role": "roles/container.developer"
          },
          "sensitive_attributes": [],
          "private": "bnVsbA==",
          "dependencies": [
            "data.terraform_remote_state.organization",
            "data.terraform_remote_state.shared_gke",
            "google_project.tenant_app",
            "google_service_account.cloud_deploy_sa"
          ]
        }
      ]
    },
    {
      "mode": "managed",
      "type": "google_project_iam_member",
      "name": "cloud_deploy_tenant_permissions",
      "provider": "provider[\"registry.terraform.io/hashicorp/google\"]",
      "instances": [
        {
          "index_key": "roles/artifactregistry.reader",
          "schema_version": 0,
          "attributes": {
            "condition": [],
            "etag": "BwY3y5eUTWw=",
            "id": "u2i-tenant-webapp/roles/artifactregistry.reader/serviceAccount:cloud-deploy-sa@u2i-tenant-webapp.iam.gserviceaccount.com",
            "member": "serviceAccount:cloud-deploy-sa@u2i-tenant-webapp.iam.gserviceaccount.com",
            "project": "u2i-tenant-webapp",
            "role": "roles/artifactregistry.reader"
          },
          "sensitive_attributes": [],
          "private": "bnVsbA==",
          "dependencies": [
            "data.terraform_remote_state.organization",
            "google_project.tenant_app",
            "google_service_account.cloud_deploy_sa"
          ]
        },
        {
          "index_key": "roles/clouddeploy.jobRunner",
          "schema_version": 0,
          "attributes": {
            "condition": [],
            "etag": "BwY3y5eUTWw=",
            "id": "u2i-tenant-webapp/roles/clouddeploy.jobRunner/serviceAccount:cloud-deploy-sa@u2i-tenant-webapp.iam.gserviceaccount.com",
            "member": "serviceAccount:cloud-deploy-sa@u2i-tenant-webapp.iam.gserviceaccount.com",
            "project": "u2i-tenant-webapp",
            "role": "roles/clouddeploy.jobRunner"
          },
          "sensitive_attributes": [],
          "private": "bnVsbA==",
          "dependencies": [
            "data.terraform_remote_state.organization",
            "google_project.tenant_app",
            "google_service_account.cloud_deploy_sa"
          ]
        },
        {
          "index_key": "roles/container.clusterViewer",
          "schema_version": 0,
          "attributes": {
            "condition": [],
            "etag": "BwY3y5eUTWw=",
            "id": "u2i-tenant-webapp/roles/container.clusterViewer/serviceAccount:cloud-deploy-sa@u2i-tenant-webapp.iam.gserviceaccount.com",
            "member": "serviceAccount:cloud-deploy-sa@u2i-tenant-webapp.iam.gserviceaccount.com",
            "project": "u2i-tenant-webapp",
            "role": "roles/container.clusterViewer"
          },
          "sensitive_attributes": [],
          "private": "bnVsbA==",
          "dependencies": [
            "data.terraform_remote_state.organization",
            "google_project.tenant_app",
            "google_service_account.cloud_deploy_sa"
          ]
        },
        {
          "index_key": "roles/storage.objectAdmin",
          "schema_version": 0,
          "attributes": {
            "condition": [],
            "etag": "BwY3y5eUTWw=",
            "id": "u2i-tenant-webapp/roles/storage.objectAdmin/serviceAccount:cloud-deploy-sa@u2i-tenant-webapp.iam.gserviceaccount.com",
            "member": "serviceAccount:cloud-deploy-sa@u2i-tenant-webapp.iam.gserviceaccount.com",
            "project": "u2i-tenant-webapp",
            "role": "roles/storage.objectAdmin"
          },
          "sensitive_attributes": [],
          "private": "bnVsbA==",
          "dependencies": [
            "data.terraform_remote_state.organization",
            "google_project.tenant_app",
            "google_service_account.cloud_deploy_sa"
          ]
        }
      ]
    },
    {
      "mode": "managed",
      "type": "google_project_iam_member",
      "name": "terraform_permissions",
      "provider": "provider[\"registry.terraform.io/hashicorp/google\"]",
      "instances": [
        {
          "index_key": "roles/owner",
          "schema_version": 0,
          "attributes": {
            "condition": [],
            "etag": "BwY3y5eUTWw=",
            "id": "u2i-tenant-webapp/roles/owner/serviceAccount:terraform@u2i-tenant-webapp.iam.gserviceaccount.com",
            "member": "serviceAccount:terraform@u2i-tenant-webapp.iam.gserviceaccount.com",
            "project": "u2i-tenant-webapp",
            "role": "roles/owner"
          },
          "sensitive_attributes": [],
          "private": "bnVsbA==",
          "dependencies": [
            "data.terraform_remote_state.organization",
            "google_project.tenant_app",
            "google_project_service.tenant_apis",
            "google_service_account.terraform"
          ]
        }
      ]
    },
    {
      "mode": "managed",
      "type": "google_project_service",
      "name": "tenant_apis",
      "provider": "provider[\"registry.terraform.io/hashicorp/google\"]",
      "instances": [
        {
          "index_key": "artifactregistry.googleapis.com",
          "schema_version": 0,
          "attributes": {
            "disable_dependent_services": null,
            "disable_on_destroy": false,
            "id": "u2i-tenant-webapp/artifactregistry.googleapis.com",
            "project": "u2i-tenant-webapp",
            "service": "artifactregistry.googleapis.com",
            "timeouts": null
          },
          "sensitive_attributes": [],
          "private": "eyJlMmJmYjczMC1lY2FhLTExZTYtOGY4OC0zNDM2M2JjN2M0YzAiOnsiY3JlYXRlIjoxMjAwMDAwMDAwMDAwLCJkZWxldGUiOjEyMDAwMDAwMDAwMDAsInJlYWQiOjYwMDAwMDAwMDAwMCwidXBkYXRlIjoxMjAwMDAwMDAwMDAwfX0=",
          "dependencies": [
            "data.terraform_remote_state.organization",
            "google_project.tenant_app"
          ]
        },
        {
          "index_key": "cloudbuild.googleapis.com",
          "schema_version": 0,
          "attributes": {
            "disable_dependent_services": null,
            "disable_on_destroy": false,
            "id": "u2i-tenant-webapp/cloudbuild.googleapis.com",
            "project": "u2i-tenant-webapp",
            "service": "cloudbuild.googleapis.com",
            "timeouts": null
          },
          "sensitive_attributes": [],
          "private": "eyJlMmJmYjczMC1lY2FhLTExZTYtOGY4OC0zNDM2M2JjN2M0YzAiOnsiY3JlYXRlIjoxMjAwMDAwMDAwMDAwLCJkZWxldGUiOjEyMDAwMDAwMDAwMDAsInJlYWQiOjYwMDAwMDAwMDAwMCwidXBkYXRlIjoxMjAwMDAwMDAwMDAwfX0=",
          "dependencies": [
            "data.terraform_remote_state.organization",
            "google_project.tenant_app"
          ]
        },
        {
          "index_key": "clouddeploy.googleapis.com",
          "schema_version": 0,
          "attributes": {
            "disable_dependent_services": null,
            "disable_on_destroy": false,
            "id": "u2i-tenant-webapp/clouddeploy.googleapis.com",
            "project": "u2i-tenant-webapp",
            "service": "clouddeploy.googleapis.com",
            "timeouts": null
          },
          "sensitive_attributes": [],
          "private": "eyJlMmJmYjczMC1lY2FhLTExZTYtOGY4OC0zNDM2M2JjN2M0YzAiOnsiY3JlYXRlIjoxMjAwMDAwMDAwMDAwLCJkZWxldGUiOjEyMDAwMDAwMDAwMDAsInJlYWQiOjYwMDAwMDAwMDAwMCwidXBkYXRlIjoxMjAwMDAwMDAwMDAwfX0=",
          "dependencies": [
            "data.terraform_remote_state.organization",
            "google_project.tenant_app"
          ]
        },
        {
          "index_key": "cloudresourcemanager.googleapis.com",
          "schema_version": 0,
          "attributes": {
            "disable_dependent_services": null,
            "disable_on_destroy": false,
            "id": "u2i-tenant-webapp/cloudresourcemanager.googleapis.com",
            "project": "u2i-tenant-webapp",
            "service": "cloudresourcemanager.googleapis.com",
            "timeouts": null
          },
          "sensitive_attributes": [],
          "private": "eyJlMmJmYjczMC1lY2FhLTExZTYtOGY4OC0zNDM2M2JjN2M0YzAiOnsiY3JlYXRlIjoxMjAwMDAwMDAwMDAwLCJkZWxldGUiOjEyMDAwMDAwMDAwMDAsInJlYWQiOjYwMDAwMDAwMDAwMCwidXBkYXRlIjoxMjAwMDAwMDAwMDAwfX0=",
          "dependencies": [
            "data.terraform_remote_state.organization",
            "google_project.tenant_app"
          ]
        },
        {
          "index_key": "container.googleapis.com",
          "schema_version": 0,
          "attributes": {
            "disable_dependent_services": null,
            "disable_on_destroy": false,
            "id": "u2i-tenant-webapp/container.googleapis.com",
            "project": "u2i-tenant-webapp",
            "service": "container.googleapis.com",
            "timeouts": null
          },
          "sensitive_attributes": [],
          "private": "eyJlMmJmYjczMC1lY2FhLTExZTYtOGY4OC0zNDM2M2JjN2M0YzAiOnsiY3JlYXRlIjoxMjAwMDAwMDAwMDAwLCJkZWxldGUiOjEyMDAwMDAwMDAwMDAsInJlYWQiOjYwMDAwMDAwMDAwMCwidXBkYXRlIjoxMjAwMDAwMDAwMDAwfX0=",
          "dependencies": [
            "data.terraform_remote_state.organization",
            "google_project.tenant_app"
          ]
        },
        {
          "index_key": "iam.googleapis.com",
          "schema_version": 0,
          "attributes": {
            "disable_dependent_services": null,
            "disable_on_destroy": false,
            "id": "u2i-tenant-webapp/iam.googleapis.com",
            "project": "u2i-tenant-webapp",
            "service": "iam.googleapis.com",
            "timeouts": null
          },
          "sensitive_attributes": [],
          "private": "eyJlMmJmYjczMC1lY2FhLTExZTYtOGY4OC0zNDM2M2JjN2M0YzAiOnsiY3JlYXRlIjoxMjAwMDAwMDAwMDAwLCJkZWxldGUiOjEyMDAwMDAwMDAwMDAsInJlYWQiOjYwMDAwMDAwMDAwMCwidXBkYXRlIjoxMjAwMDAwMDAwMDAwfX0=",
          "dependencies": [
            "data.terraform_remote_state.organization",
            "google_project.tenant_app"
          ]
        },
        {
          "index_key": "iamcredentials.googleapis.com",
          "schema_version": 0,
          "attributes": {
            "disable_dependent_services": null,
            "disable_on_destroy": false,
            "id": "u2i-tenant-webapp/iamcredentials.googleapis.com",
            "project": "u2i-tenant-webapp",
            "service": "iamcredentials.googleapis.com",
            "timeouts": null
          },
          "sensitive_attributes": [],
          "private": "eyJlMmJmYjczMC1lY2FhLTExZTYtOGY4OC0zNDM2M2JjN2M0YzAiOnsiY3JlYXRlIjoxMjAwMDAwMDAwMDAwLCJkZWxldGUiOjEyMDAwMDAwMDAwMDAsInJlYWQiOjYwMDAwMDAwMDAwMCwidXBkYXRlIjoxMjAwMDAwMDAwMDAwfX0=",
          "dependencies": [
            "data.terraform_remote_state.organization",
            "google_project.tenant_app"
          ]
        },
        {
          "index_key": "logging.googleapis.com",
          "schema_version": 0,
          "attributes": {
            "disable_dependent_services": null,
            "disable_on_destroy": false,
            "id": "u2i-tenant-webapp/logging.googleapis.com",
            "project": "u2i-tenant-webapp",
            "service": "logging.googleapis.com",
            "timeouts": null
          },
          "sensitive_attributes": [],
          "private": "eyJlMmJmYjczMC1lY2FhLTExZTYtOGY4OC0zNDM2M2JjN2M0YzAiOnsiY3JlYXRlIjoxMjAwMDAwMDAwMDAwLCJkZWxldGUiOjEyMDAwMDAwMDAwMDAsInJlYWQiOjYwMDAwMDAwMDAwMCwidXBkYXRlIjoxMjAwMDAwMDAwMDAwfX0=",
          "dependencies": [
            "data.terraform_remote_state.organization",
            "google_project.tenant_app"
          ]
        },
        {
          "index_key": "monitoring.googleapis.com",
          "schema_version": 0,
          "attributes": {
            "disable_dependent_services": null,
            "disable_on_destroy": false,
            "id": "u2i-tenant-webapp/monitoring.googleapis.com",
            "project": "u2i-tenant-webapp",
            "service": "monitoring.googleapis.com",
            "timeouts": null
          },
          "sensitive_attributes": [],
          "private": "eyJlMmJmYjczMC1lY2FhLTExZTYtOGY4OC0zNDM2M2JjN2M0YzAiOnsiY3JlYXRlIjoxMjAwMDAwMDAwMDAwLCJkZWxldGUiOjEyMDAwMDAwMDAwMDAsInJlYWQiOjYwMDAwMDAwMDAwMCwidXBkYXRlIjoxMjAwMDAwMDAwMDAwfX0=",
          "dependencies": [
            "data.terraform_remote_state.organization",
            "google_project.tenant_app"
          ]
        },
        {
          "index_key": "storage.googleapis.com",
          "schema_version": 0,
          "attributes": {
            "disable_dependent_services": null,
            "disable_on_destroy": false,
            "id": "u2i-tenant-webapp/storage.googleapis.com",
            "project": "u2i-tenant-webapp",
            "service": "storage.googleapis.com",
            "timeouts": null
          },
          "sensitive_attributes": [],
          "private": "eyJlMmJmYjczMC1lY2FhLTExZTYtOGY4OC0zNDM2M2JjN2M0YzAiOnsiY3JlYXRlIjoxMjAwMDAwMDAwMDAwLCJkZWxldGUiOjEyMDAwMDAwMDAwMDAsInJlYWQiOjYwMDAwMDAwMDAwMCwidXBkYXRlIjoxMjAwMDAwMDAwMDAwfX0=",
          "dependencies": [
            "data.terraform_remote_state.organization",
            "google_project.tenant_app"
          ]
        }
      ]
    },
    {
      "mode": "managed",
      "type": "google_service_account",
      "name": "cloud_deploy_sa",
      "provider": "provider[\"registry.terraform.io/hashicorp/google\"]",
      "instances": [
        {
          "schema_version": 0,
          "attributes": {
            "account_id": "cloud-deploy-sa",
            "create_ignore_already_exists": null,
            "description": "Service account for Cloud Deploy pipeline",
            "disabled": false,
            "display_name": "Cloud Deploy Service Account",
            "email": "cloud-deploy-sa@u2i-tenant-webapp.iam.gserviceaccount.com",
            "id": "projects/u2i-tenant-webapp/serviceAccounts/cloud-deploy-sa@u2i-tenant-webapp.iam.gserviceaccount.com",
            "member": "serviceAccount:cloud-deploy-sa@u2i-tenant-webapp.iam.gserviceaccount.com",
            "name": "projects/u2i-tenant-webapp/serviceAccounts/cloud-deploy-sa@u2i-tenant-webapp.iam.gserviceaccount.com",
            "project": "u2i-tenant-webapp",
            "timeouts": null,
            "unique_id": "101523227631157591391"
          },
          "sensitive_attributes": [],
          "private": "eyJlMmJmYjczMC1lY2FhLTExZTYtOGY4OC0zNDM2M2JjN2M0YzAiOnsiY3JlYXRlIjozMDAwMDAwMDAwMDB9LCJzY2hlbWFfdmVyc2lvbiI6IjAifQ==",
          "dependencies": [
            "data.terraform_remote_state.organization",
            "google_project.tenant_app"
          ]
        }
      ]
    },
    {
      "mode": "managed",
      "type": "google_service_account",
      "name": "terraform",
      "provider": "provider[\"registry.terraform.io/hashicorp/google\"]",
      "instances": [
        {
          "schema_version": 0,
          "attributes": {
            "account_id": "terraform",
            "create_ignore_already_exists": null,
            "description": "Service account for Terraform automation in webapp project",
            "disabled": false,
            "display_name": "Terraform Service Account",
            "email": "terraform@u2i-tenant-webapp.iam.gserviceaccount.com",
            "id": "projects/u2i-tenant-webapp/serviceAccounts/terraform@u2i-tenant-webapp.iam.gserviceaccount.com",
            "member": "serviceAccount:terraform@u2i-tenant-webapp.iam.gserviceaccount.com",
            "name": "projects/u2i-tenant-webapp/serviceAccounts/terraform@u2i-tenant-webapp.iam.gserviceaccount.com",
            "project": "u2i-tenant-webapp",
            "timeouts": null,
            "unique_id": "111263121877956973070"
          },
          "sensitive_attributes": [],
          "private": "eyJlMmJmYjczMC1lY2FhLTExZTYtOGY4OC0zNDM2M2JjN2M0YzAiOnsiY3JlYXRlIjozMDAwMDAwMDAwMDB9fQ==",
          "dependencies": [
            "data.terraform_remote_state.organization",
            "google_project.tenant_app",
            "google_project_service.tenant_apis"
          ]
        }
      ]
    },
    {
      "mode": "managed",
      "type": "google_service_account_iam_member",
      "name": "github_terraform_impersonation",
      "provider": "provider[\"registry.terraform.io/hashicorp/google\"]",
      "instances": [
        {
          "schema_version": 0,
          "attributes": {
            "condition": [],
            "etag": "BwY3y7GNbYw=",
            "id": "projects/u2i-tenant-webapp/serviceAccounts/terraform@u2i-tenant-webapp.iam.gserviceaccount.com/roles/iam.workloadIdentityUser/principalSet://iam.googleapis.com/projects/310843575960/locations/global/workloadIdentityPools/webapp-github-pool/attribute.repository/u2i/webapp-team-infrastructure",
            "member": "principalSet://iam.googleapis.com/projects/310843575960/locations/global/workloadIdentityPools/webapp-github-pool/attribute.repository/u2i/webapp-team-infrastructure",
            "role": "roles/iam.workloadIdentityUser",
            "service_account_id": "projects/u2i-tenant-webapp/serviceAccounts/terraform@u2i-tenant-webapp.iam.gserviceaccount.com"
          },
          "sensitive_attributes": [],
          "private": "bnVsbA==",
          "dependencies": [
            "data.terraform_remote_state.organization",
            "google_iam_workload_identity_pool.github",
            "google_project.tenant_app",
            "google_project_service.tenant_apis",
            "google_service_account.terraform"
          ]
        }
      ]
    },
    {
      "mode": "managed",
      "type": "google_storage_bucket",
      "name": "deployment_artifacts",
      "provider": "provider[\"registry.terraform.io/hashicorp/google\"]",
      "instances": [
        {
          "schema_version": 3,
          "attributes": {
            "autoclass": [],
            "cors": [],
            "custom_placement_config": [],
            "default_event_based_hold": false,
            "effective_labels": {
              "compliance": "iso27001-soc2-gdpr",
              "data_residency": "eu",
              "environment": "multi-environment",
              "gdpr_compliant": "true",
              "goog-terraform-provisioned": "true"
            },
            "enable_object_retention": false,
            "encryption": [],
            "force_destroy": false,
            "hierarchical_namespace": [
              {
                "enabled": false
              }
            ],
            "id": "u2i-tenant-webapp-deploy-artifacts",
            "ip_filter": [],
            "labels": {
              "compliance": "iso27001-soc2-gdpr",
              "data_residency": "eu",
              "environment": "multi-environment",
              "gdpr_compliant": "true"
            },
            "lifecycle_rule": [
              {
                "action": [
                  {
                    "storage_class": "",
                    "type": "Delete"
                  }
                ],
                "condition": [
                  {
                    "age": 90,
                    "created_before": "",
                    "custom_time_before": "",
                    "days_since_custom_time": 0,
                    "days_since_noncurrent_time": 0,
                    "matches_prefix": [],
                    "matches_storage_class": [],
                    "matches_suffix": [],
                    "noncurrent_time_before": "",
                    "num_newer_versions": 0,
                    "send_age_if_zero": false,
                    "send_days_since_custom_time_if_zero": false,
                    "send_days_since_noncurrent_time_if_zero": false,
                    "send_num_newer_versions_if_zero": false,
                    "with_state": "ANY"
                  }
                ]
              }
            ],
            "location": "EUROPE-WEST1",
            "logging": [],
            "name": "u2i-tenant-webapp-deploy-artifacts",
            "project": "u2i-tenant-webapp",
            "project_number": 310843575960,
            "public_access_prevention": "inherited",
            "requester_pays": false,
            "retention_policy": [],
            "rpo": null,
            "self_link": "https://www.googleapis.com/storage/v1/b/u2i-tenant-webapp-deploy-artifacts",
            "soft_delete_policy": [
              {
                "effective_time": "2025-06-16T21:30:09.442Z",
                "retention_duration_seconds": 604800
              }
            ],
            "storage_class": "STANDARD",
            "terraform_labels": {
              "compliance": "iso27001-soc2-gdpr",
              "data_residency": "eu",
              "environment": "multi-environment",
              "gdpr_compliant": "true",
              "goog-terraform-provisioned": "true"
            },
            "time_created": "2025-06-16T21:30:09.442Z",
            "timeouts": null,
            "uniform_bucket_level_access": true,
            "updated": "2025-06-16T21:30:09.442Z",
            "url": "gs://u2i-tenant-webapp-deploy-artifacts",
            "versioning": [
              {
                "enabled": true
              }
            ],
            "website": []
          },
          "sensitive_attributes": [],
          "private": "eyJlMmJmYjczMC1lY2FhLTExZTYtOGY4OC0zNDM2M2JjN2M0YzAiOnsiY3JlYXRlIjo2MDAwMDAwMDAwMDAsInJlYWQiOjI0MDAwMDAwMDAwMCwidXBkYXRlIjoyNDAwMDAwMDAwMDB9LCJzY2hlbWFfdmVyc2lvbiI6IjMifQ==",
          "dependencies": [
            "data.terraform_remote_state.organization",
            "google_project.tenant_app"
          ]
        }
      ]
    },
    {
      "mode": "managed",
      "type": "google_storage_bucket_iam_member",
      "name": "shared_tfstate_access",
      "provider": "provider[\"registry.terraform.io/hashicorp/google\"]",
      "instances": [
        {
          "schema_version": 0,
          "attributes": {
            "bucket": "b/u2i-tfstate",
            "condition": [],
            "etag": "CBc=",
            "id": "b/u2i-tfstate/roles/storage.objectUser/serviceAccount:terraform@u2i-tenant-webapp.iam.gserviceaccount.com",
            "member": "serviceAccount:terraform@u2i-tenant-webapp.iam.gserviceaccount.com",
            "role": "roles/storage.objectUser"
          },
          "sensitive_attributes": [],
          "private": "bnVsbA==",
          "dependencies": [
            "data.terraform_remote_state.organization",
            "google_project.tenant_app",
            "google_project_service.tenant_apis",
            "google_service_account.terraform"
          ]
        }
      ]
    }
  ],
  "check_results": null
}

